// !$*UTF8*$!
{
	archiveVersion = 1;
	classes = {
	};
	objectVersion = 46;
	objects = {

/* Begin PBXBuildFile section */
		AE01CECF1946C7260028FF11 /* UITableView+Wave.m in Sources */ = {isa = PBXBuildFile; fileRef = AE01CECE1946C7260028FF11 /* UITableView+Wave.m */; };
		AE02C8E51942784500AC16AE /* CoreGraphics.framework in Frameworks */ = {isa = PBXBuildFile; fileRef = AE02C8E41942784500AC16AE /* CoreGraphics.framework */; };
		AE02C8E71942784500AC16AE /* UIKit.framework in Frameworks */ = {isa = PBXBuildFile; fileRef = AE02C8E61942784500AC16AE /* UIKit.framework */; };
		AE02C8ED1942784500AC16AE /* InfoPlist.strings in Resources */ = {isa = PBXBuildFile; fileRef = AE02C8EB1942784500AC16AE /* InfoPlist.strings */; };
		AE02C8EF1942784500AC16AE /* main.m in Sources */ = {isa = PBXBuildFile; fileRef = AE02C8EE1942784500AC16AE /* main.m */; };
		AE02C8F31942784500AC16AE /* CDAppDelegate.m in Sources */ = {isa = PBXBuildFile; fileRef = AE02C8F21942784500AC16AE /* CDAppDelegate.m */; };
		AE02C8F61942784500AC16AE /* Main.storyboard in Resources */ = {isa = PBXBuildFile; fileRef = AE02C8F41942784500AC16AE /* Main.storyboard */; };
		AE02C8FB1942784500AC16AE /* Images.xcassets in Resources */ = {isa = PBXBuildFile; fileRef = AE02C8FA1942784500AC16AE /* Images.xcassets */; };
		AE02C9021942784500AC16AE /* XCTest.framework in Frameworks */ = {isa = PBXBuildFile; fileRef = AE02C9011942784500AC16AE /* XCTest.framework */; };
		AE02C9031942784500AC16AE /* Foundation.framework in Frameworks */ = {isa = PBXBuildFile; fileRef = AE02C8E21942784500AC16AE /* Foundation.framework */; };
		AE02C9041942784500AC16AE /* UIKit.framework in Frameworks */ = {isa = PBXBuildFile; fileRef = AE02C8E61942784500AC16AE /* UIKit.framework */; };
		AE02C90C1942784500AC16AE /* InfoPlist.strings in Resources */ = {isa = PBXBuildFile; fileRef = AE02C90A1942784500AC16AE /* InfoPlist.strings */; };
		AE02C90E1942784500AC16AE /* ____Tests.m in Sources */ = {isa = PBXBuildFile; fileRef = AE02C90D1942784500AC16AE /* ____Tests.m */; };
		AE02C91A194278DE00AC16AE /* CDLoginViewController.m in Sources */ = {isa = PBXBuildFile; fileRef = AE02C919194278DE00AC16AE /* CDLoginViewController.m */; };
		AE03BF9A19465801005A81FE /* FUIAlertView.m in Sources */ = {isa = PBXBuildFile; fileRef = AE03BF7519465801005A81FE /* FUIAlertView.m */; };
		AE03BF9B19465801005A81FE /* FUIButton.m in Sources */ = {isa = PBXBuildFile; fileRef = AE03BF7719465801005A81FE /* FUIButton.m */; };
		AE03BF9C19465801005A81FE /* FUICellBackgroundView.m in Sources */ = {isa = PBXBuildFile; fileRef = AE03BF7919465801005A81FE /* FUICellBackgroundView.m */; };
		AE03BF9D19465801005A81FE /* FUIPopoverBackgroundView.m in Sources */ = {isa = PBXBuildFile; fileRef = AE03BF7B19465801005A81FE /* FUIPopoverBackgroundView.m */; };
		AE03BF9E19465801005A81FE /* FUISegmentedControl.m in Sources */ = {isa = PBXBuildFile; fileRef = AE03BF7D19465801005A81FE /* FUISegmentedControl.m */; };
		AE03BF9F19465801005A81FE /* FUISwitch.m in Sources */ = {isa = PBXBuildFile; fileRef = AE03BF7F19465801005A81FE /* FUISwitch.m */; };
		AE03BFA019465801005A81FE /* FUITextField.m in Sources */ = {isa = PBXBuildFile; fileRef = AE03BF8119465801005A81FE /* FUITextField.m */; };
		AE03BFA119465801005A81FE /* UIBarButtonItem+FlatUI.m in Sources */ = {isa = PBXBuildFile; fileRef = AE03BF8319465801005A81FE /* UIBarButtonItem+FlatUI.m */; };
		AE03BFA219465801005A81FE /* UIColor+FlatUI.m in Sources */ = {isa = PBXBuildFile; fileRef = AE03BF8519465801005A81FE /* UIColor+FlatUI.m */; };
		AE03BFA319465801005A81FE /* UIFont+FlatUI.m in Sources */ = {isa = PBXBuildFile; fileRef = AE03BF8719465801005A81FE /* UIFont+FlatUI.m */; };
		AE03BFA419465801005A81FE /* UIImage+FlatUI.m in Sources */ = {isa = PBXBuildFile; fileRef = AE03BF8919465801005A81FE /* UIImage+FlatUI.m */; };
		AE03BFA519465801005A81FE /* UINavigationBar+FlatUI.m in Sources */ = {isa = PBXBuildFile; fileRef = AE03BF8B19465801005A81FE /* UINavigationBar+FlatUI.m */; };
		AE03BFA619465801005A81FE /* UIPopoverController+FlatUI.m in Sources */ = {isa = PBXBuildFile; fileRef = AE03BF8D19465801005A81FE /* UIPopoverController+FlatUI.m */; };
		AE03BFA719465801005A81FE /* UIProgressView+FlatUI.m in Sources */ = {isa = PBXBuildFile; fileRef = AE03BF8F19465801005A81FE /* UIProgressView+FlatUI.m */; };
		AE03BFA819465801005A81FE /* UISlider+FlatUI.m in Sources */ = {isa = PBXBuildFile; fileRef = AE03BF9119465801005A81FE /* UISlider+FlatUI.m */; };
		AE03BFA919465801005A81FE /* UIStepper+FlatUI.m in Sources */ = {isa = PBXBuildFile; fileRef = AE03BF9319465801005A81FE /* UIStepper+FlatUI.m */; };
		AE03BFAA19465801005A81FE /* UITabBar+FlatUI.m in Sources */ = {isa = PBXBuildFile; fileRef = AE03BF9519465801005A81FE /* UITabBar+FlatUI.m */; };
		AE03BFAB19465801005A81FE /* UITableViewCell+FlatUI.m in Sources */ = {isa = PBXBuildFile; fileRef = AE03BF9719465801005A81FE /* UITableViewCell+FlatUI.m */; };
		AE03BFAC19465801005A81FE /* UIToolbar+FlatUI.m in Sources */ = {isa = PBXBuildFile; fileRef = AE03BF9919465801005A81FE /* UIToolbar+FlatUI.m */; };
		AE04481E19503C3400370FD8 /* NYSegment.m in Sources */ = {isa = PBXBuildFile; fileRef = AE04481919503C3400370FD8 /* NYSegment.m */; };
		AE04481F19503C3400370FD8 /* NYSegmentedControl.m in Sources */ = {isa = PBXBuildFile; fileRef = AE04481B19503C3400370FD8 /* NYSegmentedControl.m */; };
		AE04482019503C3400370FD8 /* NYSegmentIndicator.m in Sources */ = {isa = PBXBuildFile; fileRef = AE04481D19503C3400370FD8 /* NYSegmentIndicator.m */; };
		AE04B67F1976AD9700777E18 /* CDActivity.m in Sources */ = {isa = PBXBuildFile; fileRef = AE04B67E1976AD9700777E18 /* CDActivity.m */; };
		AE04B6821976B76100777E18 /* CDPeople.m in Sources */ = {isa = PBXBuildFile; fileRef = AE04B6811976B76100777E18 /* CDPeople.m */; };
		AE122F87194CCAD4008C727A /* Parse.framework in Frameworks */ = {isa = PBXBuildFile; fileRef = AED8345419438ECA002556B8 /* Parse.framework */; };
		AE19485F197F820E005DC66A /* UIColor+MLPFlatColors.m in Sources */ = {isa = PBXBuildFile; fileRef = AE19485E197F820E005DC66A /* UIColor+MLPFlatColors.m */; };
		AE19486A1980FA34005DC66A /* UIViewController+CWPopup.m in Sources */ = {isa = PBXBuildFile; fileRef = AE1948691980FA34005DC66A /* UIViewController+CWPopup.m */; };
		AE19486E1980FBCB005DC66A /* CDPeopleTableViewController.m in Sources */ = {isa = PBXBuildFile; fileRef = AE19486C1980FBCB005DC66A /* CDPeopleTableViewController.m */; };
		AE19486F1980FBCB005DC66A /* CDPeopleTableViewController.xib in Resources */ = {isa = PBXBuildFile; fileRef = AE19486D1980FBCB005DC66A /* CDPeopleTableViewController.xib */; };
		AE19487319810592005DC66A /* CDTableViewCell.m in Sources */ = {isa = PBXBuildFile; fileRef = AE19487119810592005DC66A /* CDTableViewCell.m */; };
		AE19487419810592005DC66A /* CDTableViewCell.xib in Resources */ = {isa = PBXBuildFile; fileRef = AE19487219810592005DC66A /* CDTableViewCell.xib */; };
		AE194877198206F6005DC66A /* CDAboutMeViewController.m in Sources */ = {isa = PBXBuildFile; fileRef = AE194876198206F6005DC66A /* CDAboutMeViewController.m */; };
		AE2478B019428FC30059EC3F /* FXBlurView.m in Sources */ = {isa = PBXBuildFile; fileRef = AE2478AF19428FC30059EC3F /* FXBlurView.m */; };
		AE2478B2194291FE0059EC3F /* QuartzCore.framework in Frameworks */ = {isa = PBXBuildFile; fileRef = AE2478B1194291FE0059EC3F /* QuartzCore.framework */; };
		AE43BCA619495CEF00373FC9 /* HMSegmentedControl.m in Sources */ = {isa = PBXBuildFile; fileRef = AE43BCA519495CEF00373FC9 /* HMSegmentedControl.m */; };
		AE5733E319756D6C00B11801 /* CDActivityTableViewCell.m in Sources */ = {isa = PBXBuildFile; fileRef = AE5733E219756D6C00B11801 /* CDActivityTableViewCell.m */; };
		AE63751619654FB800ECD00A /* DCCommentView.m in Sources */ = {isa = PBXBuildFile; fileRef = AE63751519654FB800ECD00A /* DCCommentView.m */; };
		AE845A8219670B1700A431A7 /* CDCommentsTableViewController.m in Sources */ = {isa = PBXBuildFile; fileRef = AE845A8119670B1700A431A7 /* CDCommentsTableViewController.m */; };
		AE845A8519670D8200A431A7 /* CDTCommentableViewCell.m in Sources */ = {isa = PBXBuildFile; fileRef = AE845A8419670D8200A431A7 /* CDTCommentableViewCell.m */; };
		AE8C2BE919496FE80021D1B3 /* SZTextView.m in Sources */ = {isa = PBXBuildFile; fileRef = AE8C2BE819496FE80021D1B3 /* SZTextView.m */; };
		AE8C2BEA194996F70021D1B3 /* Foundation.framework in Frameworks */ = {isa = PBXBuildFile; fileRef = AE02C8E21942784500AC16AE /* Foundation.framework */; };
		AE98515A19443C6C0006B785 /* CDLeftMenuViewController.m in Sources */ = {isa = PBXBuildFile; fileRef = AE98515919443C6C0006B785 /* CDLeftMenuViewController.m */; };
		AE9B5591196664E000B63206 /* BBBadgeBarButtonItem.m in Sources */ = {isa = PBXBuildFile; fileRef = AE9B5590196664E000B63206 /* BBBadgeBarButtonItem.m */; };
		AE9E2BC8194914460062175A /* CDNavigationViewController.m in Sources */ = {isa = PBXBuildFile; fileRef = AE9E2BC7194914460062175A /* CDNavigationViewController.m */; };
		AE9E2BCB1949174F0062175A /* MBSwitch.m in Sources */ = {isa = PBXBuildFile; fileRef = AE9E2BCA1949174F0062175A /* MBSwitch.m */; };
		AEA063061942A23C00EA9856 /* RQShineLabel.m in Sources */ = {isa = PBXBuildFile; fileRef = AEA063051942A23C00EA9856 /* RQShineLabel.m */; };
		AEA55244196A6C0B0015FABF /* CDSettingTableViewController.m in Sources */ = {isa = PBXBuildFile; fileRef = AEA55243196A6C0B0015FABF /* CDSettingTableViewController.m */; };
		AEA5524C196A7C0F0015FABF /* AAActivity.m in Sources */ = {isa = PBXBuildFile; fileRef = AEA55247196A7C0F0015FABF /* AAActivity.m */; };
		AEA5524D196A7C0F0015FABF /* AAActivityAction.m in Sources */ = {isa = PBXBuildFile; fileRef = AEA55249196A7C0F0015FABF /* AAActivityAction.m */; };
		AEA5524E196A7C0F0015FABF /* AAPanelView.m in Sources */ = {isa = PBXBuildFile; fileRef = AEA5524B196A7C0F0015FABF /* AAPanelView.m */; };
		AEA55253196AE8650015FABF /* ProgressHUD.bundle in Resources */ = {isa = PBXBuildFile; fileRef = AEA55250196AE8650015FABF /* ProgressHUD.bundle */; };
		AEA55254196AE8650015FABF /* ProgressHUD.m in Sources */ = {isa = PBXBuildFile; fileRef = AEA55252196AE8650015FABF /* ProgressHUD.m */; };
		AEA55258196B45850015FABF /* CDSingleton.m in Sources */ = {isa = PBXBuildFile; fileRef = AEA55257196B45850015FABF /* CDSingleton.m */; };
		AEA7135D1951497B0078FBA6 /* CDTuCaoTableViewCell.m in Sources */ = {isa = PBXBuildFile; fileRef = AEA7135C1951497B0078FBA6 /* CDTuCaoTableViewCell.m */; };
		AEC0119D1962689500F280BE /* CDDetailViewController.m in Sources */ = {isa = PBXBuildFile; fileRef = AEC0119C1962689500F280BE /* CDDetailViewController.m */; };
		AEC011A1196269D700F280BE /* JBKenBurnsView.m in Sources */ = {isa = PBXBuildFile; fileRef = AEC011A0196269D700F280BE /* JBKenBurnsView.m */; };
		AED43E8419490F4D0098C080 /* CDComposingViewController.m in Sources */ = {isa = PBXBuildFile; fileRef = AED43E8319490F4D0098C080 /* CDComposingViewController.m */; };
		AED834531942E9ED002556B8 /* Accelerate.framework in Frameworks */ = {isa = PBXBuildFile; fileRef = AED834521942E9ED002556B8 /* Accelerate.framework */; };
		AED83457194396A7002556B8 /* CoreTelephony.framework in Frameworks */ = {isa = PBXBuildFile; fileRef = AED83456194396A7002556B8 /* CoreTelephony.framework */; };
		AED83459194396B7002556B8 /* libicucore.dylib in Frameworks */ = {isa = PBXBuildFile; fileRef = AED83458194396B7002556B8 /* libicucore.dylib */; };
		AED8345B194396C1002556B8 /* AddressBook.framework in Frameworks */ = {isa = PBXBuildFile; fileRef = AED8345A194396C1002556B8 /* AddressBook.framework */; };
		AED8345D194396C7002556B8 /* AddressBookUI.framework in Frameworks */ = {isa = PBXBuildFile; fileRef = AED8345C194396C7002556B8 /* AddressBookUI.framework */; };
		AED8345F194396D4002556B8 /* MapKit.framework in Frameworks */ = {isa = PBXBuildFile; fileRef = AED8345E194396D4002556B8 /* MapKit.framework */; };
		AED83461194396E2002556B8 /* libz.1.1.3.dylib in Frameworks */ = {isa = PBXBuildFile; fileRef = AED83460194396E2002556B8 /* libz.1.1.3.dylib */; };
		AED83465194396F0002556B8 /* Security.framework in Frameworks */ = {isa = PBXBuildFile; fileRef = AED83464194396F0002556B8 /* Security.framework */; };
		AED83467194396F7002556B8 /* MobileCoreServices.framework in Frameworks */ = {isa = PBXBuildFile; fileRef = AED83466194396F7002556B8 /* MobileCoreServices.framework */; };
		AED8346919439700002556B8 /* CoreLocation.framework in Frameworks */ = {isa = PBXBuildFile; fileRef = AED8346819439700002556B8 /* CoreLocation.framework */; };
		AED8346B1943970B002556B8 /* CFNetwork.framework in Frameworks */ = {isa = PBXBuildFile; fileRef = AED8346A1943970B002556B8 /* CFNetwork.framework */; };
		AED8346D19439714002556B8 /* AudioToolbox.framework in Frameworks */ = {isa = PBXBuildFile; fileRef = AED8346C19439714002556B8 /* AudioToolbox.framework */; };
		AED8346F19439722002556B8 /* SystemConfiguration.framework in Frameworks */ = {isa = PBXBuildFile; fileRef = AED8346E19439722002556B8 /* SystemConfiguration.framework */; };
		AED834731943A2BB002556B8 /* Reachability.m in Sources */ = {isa = PBXBuildFile; fileRef = AED834721943A2BB002556B8 /* Reachability.m */; };
		AED8347F19443A82002556B8 /* RECommonFunctions.m in Sources */ = {isa = PBXBuildFile; fileRef = AED8347A19443A82002556B8 /* RECommonFunctions.m */; };
		AED8348019443A82002556B8 /* RESideMenu.m in Sources */ = {isa = PBXBuildFile; fileRef = AED8347C19443A82002556B8 /* RESideMenu.m */; };
		AED8348119443A82002556B8 /* UIViewController+RESideMenu.m in Sources */ = {isa = PBXBuildFile; fileRef = AED8347E19443A82002556B8 /* UIViewController+RESideMenu.m */; };
		AED8348419443B48002556B8 /* CDRootViewController.m in Sources */ = {isa = PBXBuildFile; fileRef = AED8348319443B48002556B8 /* CDRootViewController.m */; };
		AEDCC47C1982A74D00BF749E /* HTPressableButton.m in Sources */ = {isa = PBXBuildFile; fileRef = AEDCC4751982A74D00BF749E /* HTPressableButton.m */; };
		AEDCC47D1982A74D00BF749E /* UIImage+HTButton.m in Sources */ = {isa = PBXBuildFile; fileRef = AEDCC4771982A74D00BF749E /* UIImage+HTButton.m */; };
		AEDCC47E1982A74D00BF749E /* HTPressableButtonPrefs.m in Sources */ = {isa = PBXBuildFile; fileRef = AEDCC4791982A74D00BF749E /* HTPressableButtonPrefs.m */; };
		AEDCC47F1982A74D00BF749E /* UIColor+HTColor.m in Sources */ = {isa = PBXBuildFile; fileRef = AEDCC47B1982A74D00BF749E /* UIColor+HTColor.m */; };
		AEE2592A1983AFBC00E6B9FE /* CDAboutPeerViewController.m in Sources */ = {isa = PBXBuildFile; fileRef = AEE259291983AFBC00E6B9FE /* CDAboutPeerViewController.m */; };
		AEF7CEE319443DCD00FA112A /* CDFeedViewController.m in Sources */ = {isa = PBXBuildFile; fileRef = AEF7CEE219443DCD00FA112A /* CDFeedViewController.m */; };
/* End PBXBuildFile section */

/* Begin PBXContainerItemProxy section */
		AE02C9051942784500AC16AE /* PBXContainerItemProxy */ = {
			isa = PBXContainerItemProxy;
			containerPortal = AE02C8D71942784500AC16AE /* Project object */;
			proxyType = 1;
			remoteGlobalIDString = AE02C8DE1942784500AC16AE;
			remoteInfo = "吐槽百科";
		};
/* End PBXContainerItemProxy section */

/* Begin PBXFileReference section */
		AE01CECD1946C7260028FF11 /* UITableView+Wave.h */ = {isa = PBXFileReference; fileEncoding = 4; lastKnownFileType = sourcecode.c.h; path = "UITableView+Wave.h"; sourceTree = "<group>"; };
		AE01CECE1946C7260028FF11 /* UITableView+Wave.m */ = {isa = PBXFileReference; fileEncoding = 4; lastKnownFileType = sourcecode.c.objc; path = "UITableView+Wave.m"; sourceTree = "<group>"; };
		AE02C8DF1942784500AC16AE /* PeerChina.app */ = {isa = PBXFileReference; explicitFileType = wrapper.application; includeInIndex = 0; path = PeerChina.app; sourceTree = BUILT_PRODUCTS_DIR; };
		AE02C8E21942784500AC16AE /* Foundation.framework */ = {isa = PBXFileReference; lastKnownFileType = wrapper.framework; name = Foundation.framework; path = System/Library/Frameworks/Foundation.framework; sourceTree = SDKROOT; };
		AE02C8E41942784500AC16AE /* CoreGraphics.framework */ = {isa = PBXFileReference; lastKnownFileType = wrapper.framework; name = CoreGraphics.framework; path = System/Library/Frameworks/CoreGraphics.framework; sourceTree = SDKROOT; };
		AE02C8E61942784500AC16AE /* UIKit.framework */ = {isa = PBXFileReference; lastKnownFileType = wrapper.framework; name = UIKit.framework; path = System/Library/Frameworks/UIKit.framework; sourceTree = SDKROOT; };
		AE02C8EA1942784500AC16AE /* PeerChina-Info.plist */ = {isa = PBXFileReference; lastKnownFileType = text.plist.xml; path = "PeerChina-Info.plist"; sourceTree = "<group>"; };
		AE02C8EC1942784500AC16AE /* en */ = {isa = PBXFileReference; lastKnownFileType = text.plist.strings; name = en; path = en.lproj/InfoPlist.strings; sourceTree = "<group>"; };
		AE02C8EE1942784500AC16AE /* main.m */ = {isa = PBXFileReference; lastKnownFileType = sourcecode.c.objc; path = main.m; sourceTree = "<group>"; };
		AE02C8F01942784500AC16AE /* PeerChina-Prefix.pch */ = {isa = PBXFileReference; lastKnownFileType = sourcecode.c.h; path = "PeerChina-Prefix.pch"; sourceTree = "<group>"; };
		AE02C8F11942784500AC16AE /* CDAppDelegate.h */ = {isa = PBXFileReference; lastKnownFileType = sourcecode.c.h; path = CDAppDelegate.h; sourceTree = "<group>"; };
		AE02C8F21942784500AC16AE /* CDAppDelegate.m */ = {isa = PBXFileReference; lastKnownFileType = sourcecode.c.objc; path = CDAppDelegate.m; sourceTree = "<group>"; };
		AE02C8F51942784500AC16AE /* Base */ = {isa = PBXFileReference; lastKnownFileType = file.storyboard; name = Base; path = Base.lproj/Main.storyboard; sourceTree = "<group>"; };
		AE02C8FA1942784500AC16AE /* Images.xcassets */ = {isa = PBXFileReference; lastKnownFileType = folder.assetcatalog; path = Images.xcassets; sourceTree = "<group>"; };
		AE02C9001942784500AC16AE /* PeerChinaTests.xctest */ = {isa = PBXFileReference; explicitFileType = wrapper.cfbundle; includeInIndex = 0; path = PeerChinaTests.xctest; sourceTree = BUILT_PRODUCTS_DIR; };
		AE02C9011942784500AC16AE /* XCTest.framework */ = {isa = PBXFileReference; lastKnownFileType = wrapper.framework; name = XCTest.framework; path = Library/Frameworks/XCTest.framework; sourceTree = DEVELOPER_DIR; };
		AE02C9091942784500AC16AE /* PeerChinaTests-Info.plist */ = {isa = PBXFileReference; lastKnownFileType = text.plist.xml; path = "PeerChinaTests-Info.plist"; sourceTree = "<group>"; };
		AE02C90B1942784500AC16AE /* en */ = {isa = PBXFileReference; lastKnownFileType = text.plist.strings; name = en; path = en.lproj/InfoPlist.strings; sourceTree = "<group>"; };
		AE02C90D1942784500AC16AE /* ____Tests.m */ = {isa = PBXFileReference; lastKnownFileType = sourcecode.c.objc; path = "____Tests.m"; sourceTree = "<group>"; };
		AE02C918194278DE00AC16AE /* CDLoginViewController.h */ = {isa = PBXFileReference; fileEncoding = 4; lastKnownFileType = sourcecode.c.h; path = CDLoginViewController.h; sourceTree = "<group>"; };
		AE02C919194278DE00AC16AE /* CDLoginViewController.m */ = {isa = PBXFileReference; fileEncoding = 4; lastKnownFileType = sourcecode.c.objc; path = CDLoginViewController.m; sourceTree = "<group>"; };
		AE03BF7319465801005A81FE /* FlatUIKit.h */ = {isa = PBXFileReference; fileEncoding = 4; lastKnownFileType = sourcecode.c.h; path = FlatUIKit.h; sourceTree = "<group>"; };
		AE03BF7419465801005A81FE /* FUIAlertView.h */ = {isa = PBXFileReference; fileEncoding = 4; lastKnownFileType = sourcecode.c.h; path = FUIAlertView.h; sourceTree = "<group>"; };
		AE03BF7519465801005A81FE /* FUIAlertView.m */ = {isa = PBXFileReference; fileEncoding = 4; lastKnownFileType = sourcecode.c.objc; path = FUIAlertView.m; sourceTree = "<group>"; };
		AE03BF7619465801005A81FE /* FUIButton.h */ = {isa = PBXFileReference; fileEncoding = 4; lastKnownFileType = sourcecode.c.h; path = FUIButton.h; sourceTree = "<group>"; };
		AE03BF7719465801005A81FE /* FUIButton.m */ = {isa = PBXFileReference; fileEncoding = 4; lastKnownFileType = sourcecode.c.objc; path = FUIButton.m; sourceTree = "<group>"; };
		AE03BF7819465801005A81FE /* FUICellBackgroundView.h */ = {isa = PBXFileReference; fileEncoding = 4; lastKnownFileType = sourcecode.c.h; path = FUICellBackgroundView.h; sourceTree = "<group>"; };
		AE03BF7919465801005A81FE /* FUICellBackgroundView.m */ = {isa = PBXFileReference; fileEncoding = 4; lastKnownFileType = sourcecode.c.objc; path = FUICellBackgroundView.m; sourceTree = "<group>"; };
		AE03BF7A19465801005A81FE /* FUIPopoverBackgroundView.h */ = {isa = PBXFileReference; fileEncoding = 4; lastKnownFileType = sourcecode.c.h; path = FUIPopoverBackgroundView.h; sourceTree = "<group>"; };
		AE03BF7B19465801005A81FE /* FUIPopoverBackgroundView.m */ = {isa = PBXFileReference; fileEncoding = 4; lastKnownFileType = sourcecode.c.objc; path = FUIPopoverBackgroundView.m; sourceTree = "<group>"; };
		AE03BF7C19465801005A81FE /* FUISegmentedControl.h */ = {isa = PBXFileReference; fileEncoding = 4; lastKnownFileType = sourcecode.c.h; path = FUISegmentedControl.h; sourceTree = "<group>"; };
		AE03BF7D19465801005A81FE /* FUISegmentedControl.m */ = {isa = PBXFileReference; fileEncoding = 4; lastKnownFileType = sourcecode.c.objc; path = FUISegmentedControl.m; sourceTree = "<group>"; };
		AE03BF7E19465801005A81FE /* FUISwitch.h */ = {isa = PBXFileReference; fileEncoding = 4; lastKnownFileType = sourcecode.c.h; path = FUISwitch.h; sourceTree = "<group>"; };
		AE03BF7F19465801005A81FE /* FUISwitch.m */ = {isa = PBXFileReference; fileEncoding = 4; lastKnownFileType = sourcecode.c.objc; path = FUISwitch.m; sourceTree = "<group>"; };
		AE03BF8019465801005A81FE /* FUITextField.h */ = {isa = PBXFileReference; fileEncoding = 4; lastKnownFileType = sourcecode.c.h; path = FUITextField.h; sourceTree = "<group>"; };
		AE03BF8119465801005A81FE /* FUITextField.m */ = {isa = PBXFileReference; fileEncoding = 4; lastKnownFileType = sourcecode.c.objc; path = FUITextField.m; sourceTree = "<group>"; };
		AE03BF8219465801005A81FE /* UIBarButtonItem+FlatUI.h */ = {isa = PBXFileReference; fileEncoding = 4; lastKnownFileType = sourcecode.c.h; path = "UIBarButtonItem+FlatUI.h"; sourceTree = "<group>"; };
		AE03BF8319465801005A81FE /* UIBarButtonItem+FlatUI.m */ = {isa = PBXFileReference; fileEncoding = 4; lastKnownFileType = sourcecode.c.objc; path = "UIBarButtonItem+FlatUI.m"; sourceTree = "<group>"; };
		AE03BF8419465801005A81FE /* UIColor+FlatUI.h */ = {isa = PBXFileReference; fileEncoding = 4; lastKnownFileType = sourcecode.c.h; path = "UIColor+FlatUI.h"; sourceTree = "<group>"; };
		AE03BF8519465801005A81FE /* UIColor+FlatUI.m */ = {isa = PBXFileReference; fileEncoding = 4; lastKnownFileType = sourcecode.c.objc; path = "UIColor+FlatUI.m"; sourceTree = "<group>"; };
		AE03BF8619465801005A81FE /* UIFont+FlatUI.h */ = {isa = PBXFileReference; fileEncoding = 4; lastKnownFileType = sourcecode.c.h; path = "UIFont+FlatUI.h"; sourceTree = "<group>"; };
		AE03BF8719465801005A81FE /* UIFont+FlatUI.m */ = {isa = PBXFileReference; fileEncoding = 4; lastKnownFileType = sourcecode.c.objc; path = "UIFont+FlatUI.m"; sourceTree = "<group>"; };
		AE03BF8819465801005A81FE /* UIImage+FlatUI.h */ = {isa = PBXFileReference; fileEncoding = 4; lastKnownFileType = sourcecode.c.h; path = "UIImage+FlatUI.h"; sourceTree = "<group>"; };
		AE03BF8919465801005A81FE /* UIImage+FlatUI.m */ = {isa = PBXFileReference; fileEncoding = 4; lastKnownFileType = sourcecode.c.objc; path = "UIImage+FlatUI.m"; sourceTree = "<group>"; };
		AE03BF8A19465801005A81FE /* UINavigationBar+FlatUI.h */ = {isa = PBXFileReference; fileEncoding = 4; lastKnownFileType = sourcecode.c.h; path = "UINavigationBar+FlatUI.h"; sourceTree = "<group>"; };
		AE03BF8B19465801005A81FE /* UINavigationBar+FlatUI.m */ = {isa = PBXFileReference; fileEncoding = 4; lastKnownFileType = sourcecode.c.objc; path = "UINavigationBar+FlatUI.m"; sourceTree = "<group>"; };
		AE03BF8C19465801005A81FE /* UIPopoverController+FlatUI.h */ = {isa = PBXFileReference; fileEncoding = 4; lastKnownFileType = sourcecode.c.h; path = "UIPopoverController+FlatUI.h"; sourceTree = "<group>"; };
		AE03BF8D19465801005A81FE /* UIPopoverController+FlatUI.m */ = {isa = PBXFileReference; fileEncoding = 4; lastKnownFileType = sourcecode.c.objc; path = "UIPopoverController+FlatUI.m"; sourceTree = "<group>"; };
		AE03BF8E19465801005A81FE /* UIProgressView+FlatUI.h */ = {isa = PBXFileReference; fileEncoding = 4; lastKnownFileType = sourcecode.c.h; path = "UIProgressView+FlatUI.h"; sourceTree = "<group>"; };
		AE03BF8F19465801005A81FE /* UIProgressView+FlatUI.m */ = {isa = PBXFileReference; fileEncoding = 4; lastKnownFileType = sourcecode.c.objc; path = "UIProgressView+FlatUI.m"; sourceTree = "<group>"; };
		AE03BF9019465801005A81FE /* UISlider+FlatUI.h */ = {isa = PBXFileReference; fileEncoding = 4; lastKnownFileType = sourcecode.c.h; path = "UISlider+FlatUI.h"; sourceTree = "<group>"; };
		AE03BF9119465801005A81FE /* UISlider+FlatUI.m */ = {isa = PBXFileReference; fileEncoding = 4; lastKnownFileType = sourcecode.c.objc; path = "UISlider+FlatUI.m"; sourceTree = "<group>"; };
		AE03BF9219465801005A81FE /* UIStepper+FlatUI.h */ = {isa = PBXFileReference; fileEncoding = 4; lastKnownFileType = sourcecode.c.h; path = "UIStepper+FlatUI.h"; sourceTree = "<group>"; };
		AE03BF9319465801005A81FE /* UIStepper+FlatUI.m */ = {isa = PBXFileReference; fileEncoding = 4; lastKnownFileType = sourcecode.c.objc; path = "UIStepper+FlatUI.m"; sourceTree = "<group>"; };
		AE03BF9419465801005A81FE /* UITabBar+FlatUI.h */ = {isa = PBXFileReference; fileEncoding = 4; lastKnownFileType = sourcecode.c.h; path = "UITabBar+FlatUI.h"; sourceTree = "<group>"; };
		AE03BF9519465801005A81FE /* UITabBar+FlatUI.m */ = {isa = PBXFileReference; fileEncoding = 4; lastKnownFileType = sourcecode.c.objc; path = "UITabBar+FlatUI.m"; sourceTree = "<group>"; };
		AE03BF9619465801005A81FE /* UITableViewCell+FlatUI.h */ = {isa = PBXFileReference; fileEncoding = 4; lastKnownFileType = sourcecode.c.h; path = "UITableViewCell+FlatUI.h"; sourceTree = "<group>"; };
		AE03BF9719465801005A81FE /* UITableViewCell+FlatUI.m */ = {isa = PBXFileReference; fileEncoding = 4; lastKnownFileType = sourcecode.c.objc; path = "UITableViewCell+FlatUI.m"; sourceTree = "<group>"; };
		AE03BF9819465801005A81FE /* UIToolbar+FlatUI.h */ = {isa = PBXFileReference; fileEncoding = 4; lastKnownFileType = sourcecode.c.h; path = "UIToolbar+FlatUI.h"; sourceTree = "<group>"; };
		AE03BF9919465801005A81FE /* UIToolbar+FlatUI.m */ = {isa = PBXFileReference; fileEncoding = 4; lastKnownFileType = sourcecode.c.objc; path = "UIToolbar+FlatUI.m"; sourceTree = "<group>"; };
		AE04481819503C3400370FD8 /* NYSegment.h */ = {isa = PBXFileReference; fileEncoding = 4; lastKnownFileType = sourcecode.c.h; path = NYSegment.h; sourceTree = "<group>"; };
		AE04481919503C3400370FD8 /* NYSegment.m */ = {isa = PBXFileReference; fileEncoding = 4; lastKnownFileType = sourcecode.c.objc; path = NYSegment.m; sourceTree = "<group>"; };
		AE04481A19503C3400370FD8 /* NYSegmentedControl.h */ = {isa = PBXFileReference; fileEncoding = 4; lastKnownFileType = sourcecode.c.h; path = NYSegmentedControl.h; sourceTree = "<group>"; };
		AE04481B19503C3400370FD8 /* NYSegmentedControl.m */ = {isa = PBXFileReference; fileEncoding = 4; lastKnownFileType = sourcecode.c.objc; path = NYSegmentedControl.m; sourceTree = "<group>"; };
		AE04481C19503C3400370FD8 /* NYSegmentIndicator.h */ = {isa = PBXFileReference; fileEncoding = 4; lastKnownFileType = sourcecode.c.h; path = NYSegmentIndicator.h; sourceTree = "<group>"; };
		AE04481D19503C3400370FD8 /* NYSegmentIndicator.m */ = {isa = PBXFileReference; fileEncoding = 4; lastKnownFileType = sourcecode.c.objc; path = NYSegmentIndicator.m; sourceTree = "<group>"; };
		AE04B67D1976AD9700777E18 /* CDActivity.h */ = {isa = PBXFileReference; fileEncoding = 4; lastKnownFileType = sourcecode.c.h; path = CDActivity.h; sourceTree = "<group>"; };
		AE04B67E1976AD9700777E18 /* CDActivity.m */ = {isa = PBXFileReference; fileEncoding = 4; lastKnownFileType = sourcecode.c.objc; path = CDActivity.m; sourceTree = "<group>"; };
		AE04B6801976B76100777E18 /* CDPeople.h */ = {isa = PBXFileReference; fileEncoding = 4; lastKnownFileType = sourcecode.c.h; path = CDPeople.h; sourceTree = "<group>"; };
		AE04B6811976B76100777E18 /* CDPeople.m */ = {isa = PBXFileReference; fileEncoding = 4; lastKnownFileType = sourcecode.c.objc; path = CDPeople.m; sourceTree = "<group>"; };
		AE19485D197F820E005DC66A /* UIColor+MLPFlatColors.h */ = {isa = PBXFileReference; fileEncoding = 4; lastKnownFileType = sourcecode.c.h; path = "UIColor+MLPFlatColors.h"; sourceTree = "<group>"; };
		AE19485E197F820E005DC66A /* UIColor+MLPFlatColors.m */ = {isa = PBXFileReference; fileEncoding = 4; lastKnownFileType = sourcecode.c.objc; path = "UIColor+MLPFlatColors.m"; sourceTree = "<group>"; };
		AE1948681980FA34005DC66A /* UIViewController+CWPopup.h */ = {isa = PBXFileReference; fileEncoding = 4; lastKnownFileType = sourcecode.c.h; path = "UIViewController+CWPopup.h"; sourceTree = "<group>"; };
		AE1948691980FA34005DC66A /* UIViewController+CWPopup.m */ = {isa = PBXFileReference; fileEncoding = 4; lastKnownFileType = sourcecode.c.objc; path = "UIViewController+CWPopup.m"; sourceTree = "<group>"; };
		AE19486B1980FBCB005DC66A /* CDPeopleTableViewController.h */ = {isa = PBXFileReference; fileEncoding = 4; lastKnownFileType = sourcecode.c.h; path = CDPeopleTableViewController.h; sourceTree = "<group>"; };
		AE19486C1980FBCB005DC66A /* CDPeopleTableViewController.m */ = {isa = PBXFileReference; fileEncoding = 4; lastKnownFileType = sourcecode.c.objc; path = CDPeopleTableViewController.m; sourceTree = "<group>"; };
		AE19486D1980FBCB005DC66A /* CDPeopleTableViewController.xib */ = {isa = PBXFileReference; fileEncoding = 4; lastKnownFileType = file.xib; path = CDPeopleTableViewController.xib; sourceTree = "<group>"; };
		AE19487019810592005DC66A /* CDTableViewCell.h */ = {isa = PBXFileReference; fileEncoding = 4; lastKnownFileType = sourcecode.c.h; path = CDTableViewCell.h; sourceTree = "<group>"; };
		AE19487119810592005DC66A /* CDTableViewCell.m */ = {isa = PBXFileReference; fileEncoding = 4; lastKnownFileType = sourcecode.c.objc; path = CDTableViewCell.m; sourceTree = "<group>"; };
		AE19487219810592005DC66A /* CDTableViewCell.xib */ = {isa = PBXFileReference; fileEncoding = 4; lastKnownFileType = file.xib; path = CDTableViewCell.xib; sourceTree = "<group>"; };
		AE194875198206F6005DC66A /* CDAboutMeViewController.h */ = {isa = PBXFileReference; fileEncoding = 4; lastKnownFileType = sourcecode.c.h; path = CDAboutMeViewController.h; sourceTree = "<group>"; };
		AE194876198206F6005DC66A /* CDAboutMeViewController.m */ = {isa = PBXFileReference; fileEncoding = 4; lastKnownFileType = sourcecode.c.objc; path = CDAboutMeViewController.m; sourceTree = "<group>"; };
		AE2478AE19428FC30059EC3F /* FXBlurView.h */ = {isa = PBXFileReference; fileEncoding = 4; lastKnownFileType = sourcecode.c.h; path = FXBlurView.h; sourceTree = "<group>"; };
		AE2478AF19428FC30059EC3F /* FXBlurView.m */ = {isa = PBXFileReference; fileEncoding = 4; lastKnownFileType = sourcecode.c.objc; path = FXBlurView.m; sourceTree = "<group>"; };
		AE2478B1194291FE0059EC3F /* QuartzCore.framework */ = {isa = PBXFileReference; lastKnownFileType = wrapper.framework; name = QuartzCore.framework; path = System/Library/Frameworks/QuartzCore.framework; sourceTree = SDKROOT; };
		AE43BCA419495CEF00373FC9 /* HMSegmentedControl.h */ = {isa = PBXFileReference; fileEncoding = 4; lastKnownFileType = sourcecode.c.h; path = HMSegmentedControl.h; sourceTree = "<group>"; };
		AE43BCA519495CEF00373FC9 /* HMSegmentedControl.m */ = {isa = PBXFileReference; fileEncoding = 4; lastKnownFileType = sourcecode.c.objc; path = HMSegmentedControl.m; sourceTree = "<group>"; };
		AE5733E119756D6C00B11801 /* CDActivityTableViewCell.h */ = {isa = PBXFileReference; fileEncoding = 4; lastKnownFileType = sourcecode.c.h; path = CDActivityTableViewCell.h; sourceTree = "<group>"; };
		AE5733E219756D6C00B11801 /* CDActivityTableViewCell.m */ = {isa = PBXFileReference; fileEncoding = 4; lastKnownFileType = sourcecode.c.objc; path = CDActivityTableViewCell.m; sourceTree = "<group>"; };
		AE63751419654FB800ECD00A /* DCCommentView.h */ = {isa = PBXFileReference; fileEncoding = 4; lastKnownFileType = sourcecode.c.h; path = DCCommentView.h; sourceTree = "<group>"; };
		AE63751519654FB800ECD00A /* DCCommentView.m */ = {isa = PBXFileReference; fileEncoding = 4; lastKnownFileType = sourcecode.c.objc; path = DCCommentView.m; sourceTree = "<group>"; };
		AE845A8019670B1700A431A7 /* CDCommentsTableViewController.h */ = {isa = PBXFileReference; fileEncoding = 4; lastKnownFileType = sourcecode.c.h; path = CDCommentsTableViewController.h; sourceTree = "<group>"; };
		AE845A8119670B1700A431A7 /* CDCommentsTableViewController.m */ = {isa = PBXFileReference; fileEncoding = 4; lastKnownFileType = sourcecode.c.objc; path = CDCommentsTableViewController.m; sourceTree = "<group>"; };
		AE845A8319670D8200A431A7 /* CDTCommentableViewCell.h */ = {isa = PBXFileReference; fileEncoding = 4; lastKnownFileType = sourcecode.c.h; path = CDTCommentableViewCell.h; sourceTree = "<group>"; };
		AE845A8419670D8200A431A7 /* CDTCommentableViewCell.m */ = {isa = PBXFileReference; fileEncoding = 4; lastKnownFileType = sourcecode.c.objc; path = CDTCommentableViewCell.m; sourceTree = "<group>"; };
		AE8C2BE719496FE80021D1B3 /* SZTextView.h */ = {isa = PBXFileReference; fileEncoding = 4; lastKnownFileType = sourcecode.c.h; path = SZTextView.h; sourceTree = "<group>"; };
		AE8C2BE819496FE80021D1B3 /* SZTextView.m */ = {isa = PBXFileReference; fileEncoding = 4; lastKnownFileType = sourcecode.c.objc; path = SZTextView.m; sourceTree = "<group>"; };
		AE98515819443C6C0006B785 /* CDLeftMenuViewController.h */ = {isa = PBXFileReference; fileEncoding = 4; lastKnownFileType = sourcecode.c.h; path = CDLeftMenuViewController.h; sourceTree = "<group>"; };
		AE98515919443C6C0006B785 /* CDLeftMenuViewController.m */ = {isa = PBXFileReference; fileEncoding = 4; lastKnownFileType = sourcecode.c.objc; path = CDLeftMenuViewController.m; sourceTree = "<group>"; };
		AE9B558F196664E000B63206 /* BBBadgeBarButtonItem.h */ = {isa = PBXFileReference; fileEncoding = 4; lastKnownFileType = sourcecode.c.h; path = BBBadgeBarButtonItem.h; sourceTree = "<group>"; };
		AE9B5590196664E000B63206 /* BBBadgeBarButtonItem.m */ = {isa = PBXFileReference; fileEncoding = 4; lastKnownFileType = sourcecode.c.objc; path = BBBadgeBarButtonItem.m; sourceTree = "<group>"; };
		AE9E2BC6194914460062175A /* CDNavigationViewController.h */ = {isa = PBXFileReference; fileEncoding = 4; lastKnownFileType = sourcecode.c.h; path = CDNavigationViewController.h; sourceTree = "<group>"; };
		AE9E2BC7194914460062175A /* CDNavigationViewController.m */ = {isa = PBXFileReference; fileEncoding = 4; lastKnownFileType = sourcecode.c.objc; path = CDNavigationViewController.m; sourceTree = "<group>"; };
		AE9E2BC91949174F0062175A /* MBSwitch.h */ = {isa = PBXFileReference; fileEncoding = 4; lastKnownFileType = sourcecode.c.h; path = MBSwitch.h; sourceTree = "<group>"; };
		AE9E2BCA1949174F0062175A /* MBSwitch.m */ = {isa = PBXFileReference; fileEncoding = 4; lastKnownFileType = sourcecode.c.objc; path = MBSwitch.m; sourceTree = "<group>"; };
		AEA063041942A23C00EA9856 /* RQShineLabel.h */ = {isa = PBXFileReference; fileEncoding = 4; lastKnownFileType = sourcecode.c.h; path = RQShineLabel.h; sourceTree = "<group>"; };
		AEA063051942A23C00EA9856 /* RQShineLabel.m */ = {isa = PBXFileReference; fileEncoding = 4; lastKnownFileType = sourcecode.c.objc; path = RQShineLabel.m; sourceTree = "<group>"; };
		AEA55242196A6C0B0015FABF /* CDSettingTableViewController.h */ = {isa = PBXFileReference; fileEncoding = 4; lastKnownFileType = sourcecode.c.h; name = CDSettingTableViewController.h; path = ../CDSettingTableViewController.h; sourceTree = "<group>"; };
		AEA55243196A6C0B0015FABF /* CDSettingTableViewController.m */ = {isa = PBXFileReference; fileEncoding = 4; lastKnownFileType = sourcecode.c.objc; name = CDSettingTableViewController.m; path = ../CDSettingTableViewController.m; sourceTree = "<group>"; };
		AEA55246196A7C0F0015FABF /* AAActivity.h */ = {isa = PBXFileReference; fileEncoding = 4; lastKnownFileType = sourcecode.c.h; path = AAActivity.h; sourceTree = "<group>"; };
		AEA55247196A7C0F0015FABF /* AAActivity.m */ = {isa = PBXFileReference; fileEncoding = 4; lastKnownFileType = sourcecode.c.objc; path = AAActivity.m; sourceTree = "<group>"; };
		AEA55248196A7C0F0015FABF /* AAActivityAction.h */ = {isa = PBXFileReference; fileEncoding = 4; lastKnownFileType = sourcecode.c.h; path = AAActivityAction.h; sourceTree = "<group>"; };
		AEA55249196A7C0F0015FABF /* AAActivityAction.m */ = {isa = PBXFileReference; fileEncoding = 4; lastKnownFileType = sourcecode.c.objc; path = AAActivityAction.m; sourceTree = "<group>"; };
		AEA5524A196A7C0F0015FABF /* AAPanelView.h */ = {isa = PBXFileReference; fileEncoding = 4; lastKnownFileType = sourcecode.c.h; path = AAPanelView.h; sourceTree = "<group>"; };
		AEA5524B196A7C0F0015FABF /* AAPanelView.m */ = {isa = PBXFileReference; fileEncoding = 4; lastKnownFileType = sourcecode.c.objc; path = AAPanelView.m; sourceTree = "<group>"; };
		AEA55250196AE8650015FABF /* ProgressHUD.bundle */ = {isa = PBXFileReference; lastKnownFileType = "wrapper.plug-in"; path = ProgressHUD.bundle; sourceTree = "<group>"; };
		AEA55251196AE8650015FABF /* ProgressHUD.h */ = {isa = PBXFileReference; fileEncoding = 4; lastKnownFileType = sourcecode.c.h; path = ProgressHUD.h; sourceTree = "<group>"; };
		AEA55252196AE8650015FABF /* ProgressHUD.m */ = {isa = PBXFileReference; fileEncoding = 4; lastKnownFileType = sourcecode.c.objc; path = ProgressHUD.m; sourceTree = "<group>"; };
		AEA55256196B45850015FABF /* CDSingleton.h */ = {isa = PBXFileReference; fileEncoding = 4; lastKnownFileType = sourcecode.c.h; path = CDSingleton.h; sourceTree = "<group>"; };
		AEA55257196B45850015FABF /* CDSingleton.m */ = {isa = PBXFileReference; fileEncoding = 4; lastKnownFileType = sourcecode.c.objc; path = CDSingleton.m; sourceTree = "<group>"; };
		AEA7135B1951497B0078FBA6 /* CDTuCaoTableViewCell.h */ = {isa = PBXFileReference; fileEncoding = 4; lastKnownFileType = sourcecode.c.h; path = CDTuCaoTableViewCell.h; sourceTree = "<group>"; };
		AEA7135C1951497B0078FBA6 /* CDTuCaoTableViewCell.m */ = {isa = PBXFileReference; fileEncoding = 4; lastKnownFileType = sourcecode.c.objc; path = CDTuCaoTableViewCell.m; sourceTree = "<group>"; };
		AEC0119B1962689500F280BE /* CDDetailViewController.h */ = {isa = PBXFileReference; fileEncoding = 4; lastKnownFileType = sourcecode.c.h; path = CDDetailViewController.h; sourceTree = "<group>"; };
		AEC0119C1962689500F280BE /* CDDetailViewController.m */ = {isa = PBXFileReference; fileEncoding = 4; lastKnownFileType = sourcecode.c.objc; path = CDDetailViewController.m; sourceTree = "<group>"; };
		AEC0119F196269D700F280BE /* JBKenBurnsView.h */ = {isa = PBXFileReference; fileEncoding = 4; lastKnownFileType = sourcecode.c.h; path = JBKenBurnsView.h; sourceTree = "<group>"; };
		AEC011A0196269D700F280BE /* JBKenBurnsView.m */ = {isa = PBXFileReference; fileEncoding = 4; lastKnownFileType = sourcecode.c.objc; path = JBKenBurnsView.m; sourceTree = "<group>"; };
		AED43E8219490F4D0098C080 /* CDComposingViewController.h */ = {isa = PBXFileReference; fileEncoding = 4; lastKnownFileType = sourcecode.c.h; path = CDComposingViewController.h; sourceTree = "<group>"; };
		AED43E8319490F4D0098C080 /* CDComposingViewController.m */ = {isa = PBXFileReference; fileEncoding = 4; lastKnownFileType = sourcecode.c.objc; path = CDComposingViewController.m; sourceTree = "<group>"; };
		AED834521942E9ED002556B8 /* Accelerate.framework */ = {isa = PBXFileReference; lastKnownFileType = wrapper.framework; name = Accelerate.framework; path = System/Library/Frameworks/Accelerate.framework; sourceTree = SDKROOT; };
		AED8345419438ECA002556B8 /* Parse.framework */ = {isa = PBXFileReference; lastKnownFileType = wrapper.framework; name = Parse.framework; path = ../Parse.framework; sourceTree = "<group>"; };
		AED83456194396A7002556B8 /* CoreTelephony.framework */ = {isa = PBXFileReference; lastKnownFileType = wrapper.framework; name = CoreTelephony.framework; path = System/Library/Frameworks/CoreTelephony.framework; sourceTree = SDKROOT; };
		AED83458194396B7002556B8 /* libicucore.dylib */ = {isa = PBXFileReference; lastKnownFileType = "compiled.mach-o.dylib"; name = libicucore.dylib; path = usr/lib/libicucore.dylib; sourceTree = SDKROOT; };
		AED8345A194396C1002556B8 /* AddressBook.framework */ = {isa = PBXFileReference; lastKnownFileType = wrapper.framework; name = AddressBook.framework; path = System/Library/Frameworks/AddressBook.framework; sourceTree = SDKROOT; };
		AED8345C194396C7002556B8 /* AddressBookUI.framework */ = {isa = PBXFileReference; lastKnownFileType = wrapper.framework; name = AddressBookUI.framework; path = System/Library/Frameworks/AddressBookUI.framework; sourceTree = SDKROOT; };
		AED8345E194396D4002556B8 /* MapKit.framework */ = {isa = PBXFileReference; lastKnownFileType = wrapper.framework; name = MapKit.framework; path = System/Library/Frameworks/MapKit.framework; sourceTree = SDKROOT; };
		AED83460194396E2002556B8 /* libz.1.1.3.dylib */ = {isa = PBXFileReference; lastKnownFileType = "compiled.mach-o.dylib"; name = libz.1.1.3.dylib; path = usr/lib/libz.1.1.3.dylib; sourceTree = SDKROOT; };
		AED83464194396F0002556B8 /* Security.framework */ = {isa = PBXFileReference; lastKnownFileType = wrapper.framework; name = Security.framework; path = System/Library/Frameworks/Security.framework; sourceTree = SDKROOT; };
		AED83466194396F7002556B8 /* MobileCoreServices.framework */ = {isa = PBXFileReference; lastKnownFileType = wrapper.framework; name = MobileCoreServices.framework; path = System/Library/Frameworks/MobileCoreServices.framework; sourceTree = SDKROOT; };
		AED8346819439700002556B8 /* CoreLocation.framework */ = {isa = PBXFileReference; lastKnownFileType = wrapper.framework; name = CoreLocation.framework; path = System/Library/Frameworks/CoreLocation.framework; sourceTree = SDKROOT; };
		AED8346A1943970B002556B8 /* CFNetwork.framework */ = {isa = PBXFileReference; lastKnownFileType = wrapper.framework; name = CFNetwork.framework; path = System/Library/Frameworks/CFNetwork.framework; sourceTree = SDKROOT; };
		AED8346C19439714002556B8 /* AudioToolbox.framework */ = {isa = PBXFileReference; lastKnownFileType = wrapper.framework; name = AudioToolbox.framework; path = System/Library/Frameworks/AudioToolbox.framework; sourceTree = SDKROOT; };
		AED8346E19439722002556B8 /* SystemConfiguration.framework */ = {isa = PBXFileReference; lastKnownFileType = wrapper.framework; name = SystemConfiguration.framework; path = System/Library/Frameworks/SystemConfiguration.framework; sourceTree = SDKROOT; };
		AED834711943A2BB002556B8 /* Reachability.h */ = {isa = PBXFileReference; fileEncoding = 4; lastKnownFileType = sourcecode.c.h; path = Reachability.h; sourceTree = "<group>"; };
		AED834721943A2BB002556B8 /* Reachability.m */ = {isa = PBXFileReference; fileEncoding = 4; lastKnownFileType = sourcecode.c.objc; path = Reachability.m; sourceTree = "<group>"; };
		AED8347919443A82002556B8 /* RECommonFunctions.h */ = {isa = PBXFileReference; fileEncoding = 4; lastKnownFileType = sourcecode.c.h; path = RECommonFunctions.h; sourceTree = "<group>"; };
		AED8347A19443A82002556B8 /* RECommonFunctions.m */ = {isa = PBXFileReference; fileEncoding = 4; lastKnownFileType = sourcecode.c.objc; path = RECommonFunctions.m; sourceTree = "<group>"; };
		AED8347B19443A82002556B8 /* RESideMenu.h */ = {isa = PBXFileReference; fileEncoding = 4; lastKnownFileType = sourcecode.c.h; path = RESideMenu.h; sourceTree = "<group>"; };
		AED8347C19443A82002556B8 /* RESideMenu.m */ = {isa = PBXFileReference; fileEncoding = 4; lastKnownFileType = sourcecode.c.objc; path = RESideMenu.m; sourceTree = "<group>"; };
		AED8347D19443A82002556B8 /* UIViewController+RESideMenu.h */ = {isa = PBXFileReference; fileEncoding = 4; lastKnownFileType = sourcecode.c.h; path = "UIViewController+RESideMenu.h"; sourceTree = "<group>"; };
		AED8347E19443A82002556B8 /* UIViewController+RESideMenu.m */ = {isa = PBXFileReference; fileEncoding = 4; lastKnownFileType = sourcecode.c.objc; path = "UIViewController+RESideMenu.m"; sourceTree = "<group>"; };
		AED8348219443B48002556B8 /* CDRootViewController.h */ = {isa = PBXFileReference; fileEncoding = 4; lastKnownFileType = sourcecode.c.h; path = CDRootViewController.h; sourceTree = "<group>"; };
		AED8348319443B48002556B8 /* CDRootViewController.m */ = {isa = PBXFileReference; fileEncoding = 4; lastKnownFileType = sourcecode.c.objc; path = CDRootViewController.m; sourceTree = "<group>"; };
		AEDCC4741982A74D00BF749E /* HTPressableButton.h */ = {isa = PBXFileReference; fileEncoding = 4; lastKnownFileType = sourcecode.c.h; path = HTPressableButton.h; sourceTree = "<group>"; };
		AEDCC4751982A74D00BF749E /* HTPressableButton.m */ = {isa = PBXFileReference; fileEncoding = 4; lastKnownFileType = sourcecode.c.objc; path = HTPressableButton.m; sourceTree = "<group>"; };
		AEDCC4761982A74D00BF749E /* UIImage+HTButton.h */ = {isa = PBXFileReference; fileEncoding = 4; lastKnownFileType = sourcecode.c.h; path = "UIImage+HTButton.h"; sourceTree = "<group>"; };
		AEDCC4771982A74D00BF749E /* UIImage+HTButton.m */ = {isa = PBXFileReference; fileEncoding = 4; lastKnownFileType = sourcecode.c.objc; path = "UIImage+HTButton.m"; sourceTree = "<group>"; };
		AEDCC4781982A74D00BF749E /* HTPressableButtonPrefs.h */ = {isa = PBXFileReference; fileEncoding = 4; lastKnownFileType = sourcecode.c.h; path = HTPressableButtonPrefs.h; sourceTree = "<group>"; };
		AEDCC4791982A74D00BF749E /* HTPressableButtonPrefs.m */ = {isa = PBXFileReference; fileEncoding = 4; lastKnownFileType = sourcecode.c.objc; path = HTPressableButtonPrefs.m; sourceTree = "<group>"; };
		AEDCC47A1982A74D00BF749E /* UIColor+HTColor.h */ = {isa = PBXFileReference; fileEncoding = 4; lastKnownFileType = sourcecode.c.h; path = "UIColor+HTColor.h"; sourceTree = "<group>"; };
		AEDCC47B1982A74D00BF749E /* UIColor+HTColor.m */ = {isa = PBXFileReference; fileEncoding = 4; lastKnownFileType = sourcecode.c.objc; path = "UIColor+HTColor.m"; sourceTree = "<group>"; };
		AEE259281983AFBC00E6B9FE /* CDAboutPeerViewController.h */ = {isa = PBXFileReference; fileEncoding = 4; lastKnownFileType = sourcecode.c.h; path = CDAboutPeerViewController.h; sourceTree = "<group>"; };
		AEE259291983AFBC00E6B9FE /* CDAboutPeerViewController.m */ = {isa = PBXFileReference; fileEncoding = 4; lastKnownFileType = sourcecode.c.objc; path = CDAboutPeerViewController.m; sourceTree = "<group>"; };
		AEF7CEE119443DCD00FA112A /* CDFeedViewController.h */ = {isa = PBXFileReference; fileEncoding = 4; lastKnownFileType = sourcecode.c.h; path = CDFeedViewController.h; sourceTree = "<group>"; };
		AEF7CEE219443DCD00FA112A /* CDFeedViewController.m */ = {isa = PBXFileReference; fileEncoding = 4; lastKnownFileType = sourcecode.c.objc; path = CDFeedViewController.m; sourceTree = "<group>"; };
/* End PBXFileReference section */

/* Begin PBXFrameworksBuildPhase section */
		AE02C8DC1942784500AC16AE /* Frameworks */ = {
			isa = PBXFrameworksBuildPhase;
			buildActionMask = 2147483647;
			files = (
				AE02C8E51942784500AC16AE /* CoreGraphics.framework in Frameworks */,
				AE122F87194CCAD4008C727A /* Parse.framework in Frameworks */,
				AE8C2BEA194996F70021D1B3 /* Foundation.framework in Frameworks */,
				AED8345D194396C7002556B8 /* AddressBookUI.framework in Frameworks */,
				AED8345B194396C1002556B8 /* AddressBook.framework in Frameworks */,
				AED8346F19439722002556B8 /* SystemConfiguration.framework in Frameworks */,
				AED8346D19439714002556B8 /* AudioToolbox.framework in Frameworks */,
				AED8346B1943970B002556B8 /* CFNetwork.framework in Frameworks */,
				AED8346919439700002556B8 /* CoreLocation.framework in Frameworks */,
				AED83467194396F7002556B8 /* MobileCoreServices.framework in Frameworks */,
				AED83465194396F0002556B8 /* Security.framework in Frameworks */,
				AED83461194396E2002556B8 /* libz.1.1.3.dylib in Frameworks */,
				AED8345F194396D4002556B8 /* MapKit.framework in Frameworks */,
				AED83459194396B7002556B8 /* libicucore.dylib in Frameworks */,
				AED83457194396A7002556B8 /* CoreTelephony.framework in Frameworks */,
				AED834531942E9ED002556B8 /* Accelerate.framework in Frameworks */,
				AE2478B2194291FE0059EC3F /* QuartzCore.framework in Frameworks */,
				AE02C8E71942784500AC16AE /* UIKit.framework in Frameworks */,
			);
			runOnlyForDeploymentPostprocessing = 0;
		};
		AE02C8FD1942784500AC16AE /* Frameworks */ = {
			isa = PBXFrameworksBuildPhase;
			buildActionMask = 2147483647;
			files = (
				AE02C9021942784500AC16AE /* XCTest.framework in Frameworks */,
				AE02C9041942784500AC16AE /* UIKit.framework in Frameworks */,
				AE02C9031942784500AC16AE /* Foundation.framework in Frameworks */,
			);
			runOnlyForDeploymentPostprocessing = 0;
		};
/* End PBXFrameworksBuildPhase section */

/* Begin PBXGroup section */
		AE01CECC1946C7130028FF11 /* TableViewShowUp */ = {
			isa = PBXGroup;
			children = (
				AE01CECD1946C7260028FF11 /* UITableView+Wave.h */,
				AE01CECE1946C7260028FF11 /* UITableView+Wave.m */,
			);
			name = TableViewShowUp;
			sourceTree = "<group>";
		};
		AE02C8D61942784500AC16AE = {
			isa = PBXGroup;
			children = (
				AE02C8E81942784500AC16AE /* 吐槽百科 */,
				AE02C9071942784500AC16AE /* 吐槽百科Tests */,
				AE02C8E11942784500AC16AE /* Frameworks */,
				AE02C8E01942784500AC16AE /* Products */,
			);
			sourceTree = "<group>";
		};
		AE02C8E01942784500AC16AE /* Products */ = {
			isa = PBXGroup;
			children = (
				AE02C8DF1942784500AC16AE /* PeerChina.app */,
				AE02C9001942784500AC16AE /* PeerChinaTests.xctest */,
			);
			name = Products;
			sourceTree = "<group>";
		};
		AE02C8E11942784500AC16AE /* Frameworks */ = {
			isa = PBXGroup;
			children = (
				AED8346E19439722002556B8 /* SystemConfiguration.framework */,
				AED8346C19439714002556B8 /* AudioToolbox.framework */,
				AED8346A1943970B002556B8 /* CFNetwork.framework */,
				AED8346819439700002556B8 /* CoreLocation.framework */,
				AED83466194396F7002556B8 /* MobileCoreServices.framework */,
				AED83464194396F0002556B8 /* Security.framework */,
				AED83460194396E2002556B8 /* libz.1.1.3.dylib */,
				AED8345E194396D4002556B8 /* MapKit.framework */,
				AED8345C194396C7002556B8 /* AddressBookUI.framework */,
				AED8345A194396C1002556B8 /* AddressBook.framework */,
				AED83458194396B7002556B8 /* libicucore.dylib */,
				AED83456194396A7002556B8 /* CoreTelephony.framework */,
				AED8345419438ECA002556B8 /* Parse.framework */,
				AED834521942E9ED002556B8 /* Accelerate.framework */,
				AE2478B1194291FE0059EC3F /* QuartzCore.framework */,
				AE02C8E21942784500AC16AE /* Foundation.framework */,
				AE02C8E41942784500AC16AE /* CoreGraphics.framework */,
				AE02C8E61942784500AC16AE /* UIKit.framework */,
				AE02C9011942784500AC16AE /* XCTest.framework */,
			);
			name = Frameworks;
			sourceTree = "<group>";
		};
		AE02C8E81942784500AC16AE /* 吐槽百科 */ = {
			isa = PBXGroup;
			children = (
				AE02C91B19427A9C00AC16AE /* Components */,
				AE02C917194278B500AC16AE /* VCs */,
				AE02C8F11942784500AC16AE /* CDAppDelegate.h */,
				AE02C8F21942784500AC16AE /* CDAppDelegate.m */,
				AE02C8F41942784500AC16AE /* Main.storyboard */,
				AE02C8FA1942784500AC16AE /* Images.xcassets */,
				AE02C8E91942784500AC16AE /* Supporting Files */,
			);
			path = "吐槽百科";
			sourceTree = "<group>";
		};
		AE02C8E91942784500AC16AE /* Supporting Files */ = {
			isa = PBXGroup;
			children = (
				AE02C8EA1942784500AC16AE /* PeerChina-Info.plist */,
				AE02C8EB1942784500AC16AE /* InfoPlist.strings */,
				AE02C8EE1942784500AC16AE /* main.m */,
				AE02C8F01942784500AC16AE /* PeerChina-Prefix.pch */,
			);
			name = "Supporting Files";
			sourceTree = "<group>";
		};
		AE02C9071942784500AC16AE /* 吐槽百科Tests */ = {
			isa = PBXGroup;
			children = (
				AE02C90D1942784500AC16AE /* ____Tests.m */,
				AE02C9081942784500AC16AE /* Supporting Files */,
			);
			path = "吐槽百科Tests";
			sourceTree = "<group>";
		};
		AE02C9081942784500AC16AE /* Supporting Files */ = {
			isa = PBXGroup;
			children = (
				AE02C9091942784500AC16AE /* PeerChinaTests-Info.plist */,
				AE02C90A1942784500AC16AE /* InfoPlist.strings */,
			);
			name = "Supporting Files";
			sourceTree = "<group>";
		};
		AE02C917194278B500AC16AE /* VCs */ = {
			isa = PBXGroup;
			children = (
				AED43E8119490F260098C080 /* NavigationViews */,
				AE02C918194278DE00AC16AE /* CDLoginViewController.h */,
				AE02C919194278DE00AC16AE /* CDLoginViewController.m */,
				AED8348219443B48002556B8 /* CDRootViewController.h */,
				AED8348319443B48002556B8 /* CDRootViewController.m */,
				AE98515819443C6C0006B785 /* CDLeftMenuViewController.h */,
				AE98515919443C6C0006B785 /* CDLeftMenuViewController.m */,
				AED43E8219490F4D0098C080 /* CDComposingViewController.h */,
				AED43E8319490F4D0098C080 /* CDComposingViewController.m */,
				AE19486B1980FBCB005DC66A /* CDPeopleTableViewController.h */,
				AE19486C1980FBCB005DC66A /* CDPeopleTableViewController.m */,
				AE19486D1980FBCB005DC66A /* CDPeopleTableViewController.xib */,
			);
			name = VCs;
			sourceTree = "<group>";
		};
		AE02C91B19427A9C00AC16AE /* Components */ = {
			isa = PBXGroup;
			children = (
				AE1948671980FA2A005DC66A /* PopUp */,
				AEA55255196B45570015FABF /* Singleton */,
				AEA5524F196AE8540015FABF /* ProgressHud */,
				AEA55245196A7C010015FABF /* AAActivity */,
				AE9B558E196664C000B63206 /* BarButtonItem */,
				AE63751319654F9F00ECD00A /* commentBox */,
				AEC0119E196269B000F280BE /* KBurn */,
				AE05B6A51953E1CC00B21629 /* UIButton+Image */,
				AEA713581951492B0078FBA6 /* TableViewCell */,
				AE8C2BE619496FD60021D1B3 /* TextView */,
				AE43BCA719495CF400373FC9 /* SegmentedControl */,
				AE9E2BCC194917570062175A /* switch */,
				AE01CECC1946C7130028FF11 /* TableViewShowUp */,
				AED8347819443A73002556B8 /* SideMenu */,
				AED834701943A2A8002556B8 /* ConnectivityCheck */,
				AEA063031942A22500EA9856 /* ShiningLabel */,
				AE2478AD19428FB70059EC3F /* BlurView */,
				AE02C91C19427AAE00AC16AE /* FlatUI */,
				AE04B67D1976AD9700777E18 /* CDActivity.h */,
				AE04B67E1976AD9700777E18 /* CDActivity.m */,
				AE04B6801976B76100777E18 /* CDPeople.h */,
				AE04B6811976B76100777E18 /* CDPeople.m */,
			);
			name = Components;
			sourceTree = "<group>";
		};
		AE02C91C19427AAE00AC16AE /* FlatUI */ = {
			isa = PBXGroup;
			children = (
				AE19485D197F820E005DC66A /* UIColor+MLPFlatColors.h */,
				AE19485E197F820E005DC66A /* UIColor+MLPFlatColors.m */,
				AE03BF7319465801005A81FE /* FlatUIKit.h */,
				AE03BF7419465801005A81FE /* FUIAlertView.h */,
				AE03BF7519465801005A81FE /* FUIAlertView.m */,
				AE03BF7619465801005A81FE /* FUIButton.h */,
				AE03BF7719465801005A81FE /* FUIButton.m */,
				AE03BF7819465801005A81FE /* FUICellBackgroundView.h */,
				AE03BF7919465801005A81FE /* FUICellBackgroundView.m */,
				AE03BF7A19465801005A81FE /* FUIPopoverBackgroundView.h */,
				AE03BF7B19465801005A81FE /* FUIPopoverBackgroundView.m */,
				AE03BF7C19465801005A81FE /* FUISegmentedControl.h */,
				AE03BF7D19465801005A81FE /* FUISegmentedControl.m */,
				AE03BF7E19465801005A81FE /* FUISwitch.h */,
				AE03BF7F19465801005A81FE /* FUISwitch.m */,
				AE03BF8019465801005A81FE /* FUITextField.h */,
				AE03BF8119465801005A81FE /* FUITextField.m */,
				AE03BF8219465801005A81FE /* UIBarButtonItem+FlatUI.h */,
				AE03BF8319465801005A81FE /* UIBarButtonItem+FlatUI.m */,
				AE03BF8419465801005A81FE /* UIColor+FlatUI.h */,
				AE03BF8519465801005A81FE /* UIColor+FlatUI.m */,
				AE03BF8619465801005A81FE /* UIFont+FlatUI.h */,
				AE03BF8719465801005A81FE /* UIFont+FlatUI.m */,
				AE03BF8819465801005A81FE /* UIImage+FlatUI.h */,
				AE03BF8919465801005A81FE /* UIImage+FlatUI.m */,
				AE03BF8A19465801005A81FE /* UINavigationBar+FlatUI.h */,
				AE03BF8B19465801005A81FE /* UINavigationBar+FlatUI.m */,
				AE03BF8C19465801005A81FE /* UIPopoverController+FlatUI.h */,
				AE03BF8D19465801005A81FE /* UIPopoverController+FlatUI.m */,
				AE03BF8E19465801005A81FE /* UIProgressView+FlatUI.h */,
				AE03BF8F19465801005A81FE /* UIProgressView+FlatUI.m */,
				AE03BF9019465801005A81FE /* UISlider+FlatUI.h */,
				AE03BF9119465801005A81FE /* UISlider+FlatUI.m */,
				AE03BF9219465801005A81FE /* UIStepper+FlatUI.h */,
				AE03BF9319465801005A81FE /* UIStepper+FlatUI.m */,
				AE03BF9419465801005A81FE /* UITabBar+FlatUI.h */,
				AE03BF9519465801005A81FE /* UITabBar+FlatUI.m */,
				AE03BF9619465801005A81FE /* UITableViewCell+FlatUI.h */,
				AE03BF9719465801005A81FE /* UITableViewCell+FlatUI.m */,
				AE03BF9819465801005A81FE /* UIToolbar+FlatUI.h */,
				AE03BF9919465801005A81FE /* UIToolbar+FlatUI.m */,
			);
			name = FlatUI;
			sourceTree = "<group>";
		};
		AE05B6A51953E1CC00B21629 /* UIButton+Image */ = {
			isa = PBXGroup;
			children = (
				AEDCC4741982A74D00BF749E /* HTPressableButton.h */,
				AEDCC4751982A74D00BF749E /* HTPressableButton.m */,
				AEDCC4761982A74D00BF749E /* UIImage+HTButton.h */,
				AEDCC4771982A74D00BF749E /* UIImage+HTButton.m */,
				AEDCC4781982A74D00BF749E /* HTPressableButtonPrefs.h */,
				AEDCC4791982A74D00BF749E /* HTPressableButtonPrefs.m */,
				AEDCC47A1982A74D00BF749E /* UIColor+HTColor.h */,
				AEDCC47B1982A74D00BF749E /* UIColor+HTColor.m */,
			);
			name = "UIButton+Image";
			sourceTree = "<group>";
		};
		AE1948671980FA2A005DC66A /* PopUp */ = {
			isa = PBXGroup;
			children = (
				AE1948681980FA34005DC66A /* UIViewController+CWPopup.h */,
				AE1948691980FA34005DC66A /* UIViewController+CWPopup.m */,
			);
			name = PopUp;
			sourceTree = "<group>";
		};
		AE2478AD19428FB70059EC3F /* BlurView */ = {
			isa = PBXGroup;
			children = (
				AE2478AE19428FC30059EC3F /* FXBlurView.h */,
				AE2478AF19428FC30059EC3F /* FXBlurView.m */,
			);
			name = BlurView;
			sourceTree = "<group>";
		};
		AE43BCA719495CF400373FC9 /* SegmentedControl */ = {
			isa = PBXGroup;
			children = (
				AE04481819503C3400370FD8 /* NYSegment.h */,
				AE04481919503C3400370FD8 /* NYSegment.m */,
				AE04481A19503C3400370FD8 /* NYSegmentedControl.h */,
				AE04481B19503C3400370FD8 /* NYSegmentedControl.m */,
				AE04481C19503C3400370FD8 /* NYSegmentIndicator.h */,
				AE04481D19503C3400370FD8 /* NYSegmentIndicator.m */,
				AE43BCA419495CEF00373FC9 /* HMSegmentedControl.h */,
				AE43BCA519495CEF00373FC9 /* HMSegmentedControl.m */,
			);
			name = SegmentedControl;
			sourceTree = "<group>";
		};
		AE63751319654F9F00ECD00A /* commentBox */ = {
			isa = PBXGroup;
			children = (
				AE63751419654FB800ECD00A /* DCCommentView.h */,
				AE63751519654FB800ECD00A /* DCCommentView.m */,
			);
			name = commentBox;
			sourceTree = "<group>";
		};
		AE8C2BE619496FD60021D1B3 /* TextView */ = {
			isa = PBXGroup;
			children = (
				AE8C2BE719496FE80021D1B3 /* SZTextView.h */,
				AE8C2BE819496FE80021D1B3 /* SZTextView.m */,
			);
			name = TextView;
			sourceTree = "<group>";
		};
		AE9B558E196664C000B63206 /* BarButtonItem */ = {
			isa = PBXGroup;
			children = (
				AE9B558F196664E000B63206 /* BBBadgeBarButtonItem.h */,
				AE9B5590196664E000B63206 /* BBBadgeBarButtonItem.m */,
			);
			name = BarButtonItem;
			sourceTree = "<group>";
		};
		AE9E2BCC194917570062175A /* switch */ = {
			isa = PBXGroup;
			children = (
				AE9E2BC91949174F0062175A /* MBSwitch.h */,
				AE9E2BCA1949174F0062175A /* MBSwitch.m */,
			);
			name = switch;
			sourceTree = "<group>";
		};
		AEA063031942A22500EA9856 /* ShiningLabel */ = {
			isa = PBXGroup;
			children = (
				AEA063041942A23C00EA9856 /* RQShineLabel.h */,
				AEA063051942A23C00EA9856 /* RQShineLabel.m */,
			);
			name = ShiningLabel;
			sourceTree = "<group>";
		};
		AEA55245196A7C010015FABF /* AAActivity */ = {
			isa = PBXGroup;
			children = (
				AEA55246196A7C0F0015FABF /* AAActivity.h */,
				AEA55247196A7C0F0015FABF /* AAActivity.m */,
				AEA55248196A7C0F0015FABF /* AAActivityAction.h */,
				AEA55249196A7C0F0015FABF /* AAActivityAction.m */,
				AEA5524A196A7C0F0015FABF /* AAPanelView.h */,
				AEA5524B196A7C0F0015FABF /* AAPanelView.m */,
			);
			name = AAActivity;
			sourceTree = "<group>";
		};
		AEA5524F196AE8540015FABF /* ProgressHud */ = {
			isa = PBXGroup;
			children = (
				AEA55250196AE8650015FABF /* ProgressHUD.bundle */,
				AEA55251196AE8650015FABF /* ProgressHUD.h */,
				AEA55252196AE8650015FABF /* ProgressHUD.m */,
			);
			name = ProgressHud;
			sourceTree = "<group>";
		};
		AEA55255196B45570015FABF /* Singleton */ = {
			isa = PBXGroup;
			children = (
				AEA55256196B45850015FABF /* CDSingleton.h */,
				AEA55257196B45850015FABF /* CDSingleton.m */,
			);
			name = Singleton;
			sourceTree = "<group>";
		};
		AEA713581951492B0078FBA6 /* TableViewCell */ = {
			isa = PBXGroup;
			children = (
				AEA7135B1951497B0078FBA6 /* CDTuCaoTableViewCell.h */,
				AEA7135C1951497B0078FBA6 /* CDTuCaoTableViewCell.m */,
				AE845A8319670D8200A431A7 /* CDTCommentableViewCell.h */,
				AE845A8419670D8200A431A7 /* CDTCommentableViewCell.m */,
				AE5733E119756D6C00B11801 /* CDActivityTableViewCell.h */,
				AE5733E219756D6C00B11801 /* CDActivityTableViewCell.m */,
				AE19487019810592005DC66A /* CDTableViewCell.h */,
				AE19487119810592005DC66A /* CDTableViewCell.m */,
				AE19487219810592005DC66A /* CDTableViewCell.xib */,
			);
			name = TableViewCell;
			sourceTree = "<group>";
		};
		AEC0119E196269B000F280BE /* KBurn */ = {
			isa = PBXGroup;
			children = (
				AEC0119F196269D700F280BE /* JBKenBurnsView.h */,
				AEC011A0196269D700F280BE /* JBKenBurnsView.m */,
			);
			name = KBurn;
			sourceTree = "<group>";
		};
		AED43E8119490F260098C080 /* NavigationViews */ = {
			isa = PBXGroup;
			children = (
				AEA55242196A6C0B0015FABF /* CDSettingTableViewController.h */,
				AEA55243196A6C0B0015FABF /* CDSettingTableViewController.m */,
				AEC0119B1962689500F280BE /* CDDetailViewController.h */,
				AEC0119C1962689500F280BE /* CDDetailViewController.m */,
				AEF7CEE119443DCD00FA112A /* CDFeedViewController.h */,
				AEF7CEE219443DCD00FA112A /* CDFeedViewController.m */,
				AE9E2BC6194914460062175A /* CDNavigationViewController.h */,
				AE9E2BC7194914460062175A /* CDNavigationViewController.m */,
				AE845A8019670B1700A431A7 /* CDCommentsTableViewController.h */,
				AE845A8119670B1700A431A7 /* CDCommentsTableViewController.m */,
				AE194875198206F6005DC66A /* CDAboutMeViewController.h */,
				AE194876198206F6005DC66A /* CDAboutMeViewController.m */,
				AEE259281983AFBC00E6B9FE /* CDAboutPeerViewController.h */,
				AEE259291983AFBC00E6B9FE /* CDAboutPeerViewController.m */,
			);
			name = NavigationViews;
			sourceTree = "<group>";
		};
		AED834701943A2A8002556B8 /* ConnectivityCheck */ = {
			isa = PBXGroup;
			children = (
				AED834711943A2BB002556B8 /* Reachability.h */,
				AED834721943A2BB002556B8 /* Reachability.m */,
			);
			name = ConnectivityCheck;
			sourceTree = "<group>";
		};
		AED8347819443A73002556B8 /* SideMenu */ = {
			isa = PBXGroup;
			children = (
				AED8347919443A82002556B8 /* RECommonFunctions.h */,
				AED8347A19443A82002556B8 /* RECommonFunctions.m */,
				AED8347B19443A82002556B8 /* RESideMenu.h */,
				AED8347C19443A82002556B8 /* RESideMenu.m */,
				AED8347D19443A82002556B8 /* UIViewController+RESideMenu.h */,
				AED8347E19443A82002556B8 /* UIViewController+RESideMenu.m */,
			);
			name = SideMenu;
			sourceTree = "<group>";
		};
/* End PBXGroup section */

/* Begin PBXNativeTarget section */
		AE02C8DE1942784500AC16AE /* PeerChina */ = {
			isa = PBXNativeTarget;
			buildConfigurationList = AE02C9111942784500AC16AE /* Build configuration list for PBXNativeTarget "PeerChina" */;
			buildPhases = (
				AE02C8DB1942784500AC16AE /* Sources */,
				AE02C8DC1942784500AC16AE /* Frameworks */,
				AE02C8DD1942784500AC16AE /* Resources */,
			);
			buildRules = (
			);
			dependencies = (
			);
			name = PeerChina;
			productName = "吐槽百科";
			productReference = AE02C8DF1942784500AC16AE /* PeerChina.app */;
			productType = "com.apple.product-type.application";
		};
		AE02C8FF1942784500AC16AE /* PeerChinaTests */ = {
			isa = PBXNativeTarget;
			buildConfigurationList = AE02C9141942784500AC16AE /* Build configuration list for PBXNativeTarget "PeerChinaTests" */;
			buildPhases = (
				AE02C8FC1942784500AC16AE /* Sources */,
				AE02C8FD1942784500AC16AE /* Frameworks */,
				AE02C8FE1942784500AC16AE /* Resources */,
			);
			buildRules = (
			);
			dependencies = (
				AE02C9061942784500AC16AE /* PBXTargetDependency */,
			);
			name = PeerChinaTests;
			productName = "吐槽百科Tests";
			productReference = AE02C9001942784500AC16AE /* PeerChinaTests.xctest */;
			productType = "com.apple.product-type.bundle.unit-test";
		};
/* End PBXNativeTarget section */

/* Begin PBXProject section */
		AE02C8D71942784500AC16AE /* Project object */ = {
			isa = PBXProject;
			attributes = {
				CLASSPREFIX = CD;
				LastUpgradeCheck = 0510;
				ORGANIZATIONNAME = CDFLS;
				TargetAttributes = {
					AE02C8DE1942784500AC16AE = {
						DevelopmentTeam = AQNTGEWRNX;
						SystemCapabilities = {
							com.apple.InAppPurchase = {
								enabled = 0;
							};
						};
					};
					AE02C8FF1942784500AC16AE = {
						TestTargetID = AE02C8DE1942784500AC16AE;
					};
				};
			};
			buildConfigurationList = AE02C8DA1942784500AC16AE /* Build configuration list for PBXProject "PeerChina" */;
			compatibilityVersion = "Xcode 3.2";
			developmentRegion = English;
			hasScannedForEncodings = 0;
			knownRegions = (
				en,
				Base,
			);
			mainGroup = AE02C8D61942784500AC16AE;
			productRefGroup = AE02C8E01942784500AC16AE /* Products */;
			projectDirPath = "";
			projectRoot = "";
			targets = (
				AE02C8DE1942784500AC16AE /* PeerChina */,
				AE02C8FF1942784500AC16AE /* PeerChinaTests */,
			);
		};
/* End PBXProject section */

/* Begin PBXResourcesBuildPhase section */
		AE02C8DD1942784500AC16AE /* Resources */ = {
			isa = PBXResourcesBuildPhase;
			buildActionMask = 2147483647;
			files = (
				AE19487419810592005DC66A /* CDTableViewCell.xib in Resources */,
				AEA55253196AE8650015FABF /* ProgressHUD.bundle in Resources */,
				AE02C8FB1942784500AC16AE /* Images.xcassets in Resources */,
				AE02C8ED1942784500AC16AE /* InfoPlist.strings in Resources */,
				AE02C8F61942784500AC16AE /* Main.storyboard in Resources */,
				AE19486F1980FBCB005DC66A /* CDPeopleTableViewController.xib in Resources */,
			);
			runOnlyForDeploymentPostprocessing = 0;
		};
		AE02C8FE1942784500AC16AE /* Resources */ = {
			isa = PBXResourcesBuildPhase;
			buildActionMask = 2147483647;
			files = (
				AE02C90C1942784500AC16AE /* InfoPlist.strings in Resources */,
			);
			runOnlyForDeploymentPostprocessing = 0;
		};
/* End PBXResourcesBuildPhase section */

/* Begin PBXSourcesBuildPhase section */
		AE02C8DB1942784500AC16AE /* Sources */ = {
			isa = PBXSourcesBuildPhase;
			buildActionMask = 2147483647;
			files = (
				AE03BF9A19465801005A81FE /* FUIAlertView.m in Sources */,
				AE01CECF1946C7260028FF11 /* UITableView+Wave.m in Sources */,
				AEA5524D196A7C0F0015FABF /* AAActivityAction.m in Sources */,
				AE5733E319756D6C00B11801 /* CDActivityTableViewCell.m in Sources */,
				AE8C2BE919496FE80021D1B3 /* SZTextView.m in Sources */,
				AEA55244196A6C0B0015FABF /* CDSettingTableViewController.m in Sources */,
				AE03BF9C19465801005A81FE /* FUICellBackgroundView.m in Sources */,
				AE03BFAA19465801005A81FE /* UITabBar+FlatUI.m in Sources */,
				AEC0119D1962689500F280BE /* CDDetailViewController.m in Sources */,
				AE04B6821976B76100777E18 /* CDPeople.m in Sources */,
				AE03BFA019465801005A81FE /* FUITextField.m in Sources */,
				AE03BFA919465801005A81FE /* UIStepper+FlatUI.m in Sources */,
				AED8348019443A82002556B8 /* RESideMenu.m in Sources */,
				AED834731943A2BB002556B8 /* Reachability.m in Sources */,
				AE845A8219670B1700A431A7 /* CDCommentsTableViewController.m in Sources */,
				AE194877198206F6005DC66A /* CDAboutMeViewController.m in Sources */,
				AE2478B019428FC30059EC3F /* FXBlurView.m in Sources */,
				AEA55254196AE8650015FABF /* ProgressHUD.m in Sources */,
				AE43BCA619495CEF00373FC9 /* HMSegmentedControl.m in Sources */,
				AE19486E1980FBCB005DC66A /* CDPeopleTableViewController.m in Sources */,
				AE02C8EF1942784500AC16AE /* main.m in Sources */,
				AE9B5591196664E000B63206 /* BBBadgeBarButtonItem.m in Sources */,
				AE04B67F1976AD9700777E18 /* CDActivity.m in Sources */,
				AEF7CEE319443DCD00FA112A /* CDFeedViewController.m in Sources */,
				AE02C8F31942784500AC16AE /* CDAppDelegate.m in Sources */,
				AEE2592A1983AFBC00E6B9FE /* CDAboutPeerViewController.m in Sources */,
				AEDCC47C1982A74D00BF749E /* HTPressableButton.m in Sources */,
				AE03BFA319465801005A81FE /* UIFont+FlatUI.m in Sources */,
				AEA7135D1951497B0078FBA6 /* CDTuCaoTableViewCell.m in Sources */,
				AED43E8419490F4D0098C080 /* CDComposingViewController.m in Sources */,
				AE63751619654FB800ECD00A /* DCCommentView.m in Sources */,
				AEDCC47D1982A74D00BF749E /* UIImage+HTButton.m in Sources */,
				AE03BF9F19465801005A81FE /* FUISwitch.m in Sources */,
				AEDCC47F1982A74D00BF749E /* UIColor+HTColor.m in Sources */,
				AE03BFA719465801005A81FE /* UIProgressView+FlatUI.m in Sources */,
				AE03BFAC19465801005A81FE /* UIToolbar+FlatUI.m in Sources */,
				AEA5524C196A7C0F0015FABF /* AAActivity.m in Sources */,
				AE04481F19503C3400370FD8 /* NYSegmentedControl.m in Sources */,
				AE03BF9D19465801005A81FE /* FUIPopoverBackgroundView.m in Sources */,
				AE19487319810592005DC66A /* CDTableViewCell.m in Sources */,
				AE9E2BCB1949174F0062175A /* MBSwitch.m in Sources */,
				AE9E2BC8194914460062175A /* CDNavigationViewController.m in Sources */,
				AE03BFA419465801005A81FE /* UIImage+FlatUI.m in Sources */,
				AE02C91A194278DE00AC16AE /* CDLoginViewController.m in Sources */,
				AED8348119443A82002556B8 /* UIViewController+RESideMenu.m in Sources */,
				AE03BFAB19465801005A81FE /* UITableViewCell+FlatUI.m in Sources */,
				AEDCC47E1982A74D00BF749E /* HTPressableButtonPrefs.m in Sources */,
				AE04481E19503C3400370FD8 /* NYSegment.m in Sources */,
				AE98515A19443C6C0006B785 /* CDLeftMenuViewController.m in Sources */,
				AE03BFA819465801005A81FE /* UISlider+FlatUI.m in Sources */,
				AED8348419443B48002556B8 /* CDRootViewController.m in Sources */,
				AE04482019503C3400370FD8 /* NYSegmentIndicator.m in Sources */,
				AE03BFA619465801005A81FE /* UIPopoverController+FlatUI.m in Sources */,
				AE19486A1980FA34005DC66A /* UIViewController+CWPopup.m in Sources */,
				AE845A8519670D8200A431A7 /* CDTCommentableViewCell.m in Sources */,
				AE03BFA519465801005A81FE /* UINavigationBar+FlatUI.m in Sources */,
				AEA063061942A23C00EA9856 /* RQShineLabel.m in Sources */,
				AEC011A1196269D700F280BE /* JBKenBurnsView.m in Sources */,
				AE03BFA119465801005A81FE /* UIBarButtonItem+FlatUI.m in Sources */,
				AE19485F197F820E005DC66A /* UIColor+MLPFlatColors.m in Sources */,
				AE03BFA219465801005A81FE /* UIColor+FlatUI.m in Sources */,
				AE03BF9E19465801005A81FE /* FUISegmentedControl.m in Sources */,
				AEA55258196B45850015FABF /* CDSingleton.m in Sources */,
				AED8347F19443A82002556B8 /* RECommonFunctions.m in Sources */,
				AE03BF9B19465801005A81FE /* FUIButton.m in Sources */,
				AEA5524E196A7C0F0015FABF /* AAPanelView.m in Sources */,
			);
			runOnlyForDeploymentPostprocessing = 0;
		};
		AE02C8FC1942784500AC16AE /* Sources */ = {
			isa = PBXSourcesBuildPhase;
			buildActionMask = 2147483647;
			files = (
				AE02C90E1942784500AC16AE /* ____Tests.m in Sources */,
			);
			runOnlyForDeploymentPostprocessing = 0;
		};
/* End PBXSourcesBuildPhase section */

/* Begin PBXTargetDependency section */
		AE02C9061942784500AC16AE /* PBXTargetDependency */ = {
			isa = PBXTargetDependency;
			target = AE02C8DE1942784500AC16AE /* PeerChina */;
			targetProxy = AE02C9051942784500AC16AE /* PBXContainerItemProxy */;
		};
/* End PBXTargetDependency section */

/* Begin PBXVariantGroup section */
		AE02C8EB1942784500AC16AE /* InfoPlist.strings */ = {
			isa = PBXVariantGroup;
			children = (
				AE02C8EC1942784500AC16AE /* en */,
			);
			name = InfoPlist.strings;
			sourceTree = "<group>";
		};
		AE02C8F41942784500AC16AE /* Main.storyboard */ = {
			isa = PBXVariantGroup;
			children = (
				AE02C8F51942784500AC16AE /* Base */,
			);
			name = Main.storyboard;
			sourceTree = "<group>";
		};
		AE02C90A1942784500AC16AE /* InfoPlist.strings */ = {
			isa = PBXVariantGroup;
			children = (
				AE02C90B1942784500AC16AE /* en */,
			);
			name = InfoPlist.strings;
			sourceTree = "<group>";
		};
/* End PBXVariantGroup section */

/* Begin XCBuildConfiguration section */
		AE02C90F1942784500AC16AE /* Debug */ = {
			isa = XCBuildConfiguration;
			buildSettings = {
				ALWAYS_SEARCH_USER_PATHS = NO;
				CLANG_CXX_LANGUAGE_STANDARD = "gnu++0x";
				CLANG_CXX_LIBRARY = "libc++";
				CLANG_ENABLE_MODULES = YES;
				CLANG_ENABLE_OBJC_ARC = YES;
				CLANG_WARN_BOOL_CONVERSION = YES;
				CLANG_WARN_CONSTANT_CONVERSION = YES;
				CLANG_WARN_DIRECT_OBJC_ISA_USAGE = YES_ERROR;
				CLANG_WARN_EMPTY_BODY = YES;
				CLANG_WARN_ENUM_CONVERSION = YES;
				CLANG_WARN_INT_CONVERSION = YES;
				CLANG_WARN_OBJC_ROOT_CLASS = YES_ERROR;
				CLANG_WARN__DUPLICATE_METHOD_MATCH = YES;
				"CODE_SIGN_IDENTITY[sdk=iphoneos*]" = "iPhone Developer";
				COPY_PHASE_STRIP = NO;
				GCC_C_LANGUAGE_STANDARD = gnu99;
				GCC_DYNAMIC_NO_PIC = NO;
				GCC_OPTIMIZATION_LEVEL = 0;
				GCC_PREPROCESSOR_DEFINITIONS = (
					"DEBUG=1",
					"$(inherited)",
				);
				GCC_SYMBOLS_PRIVATE_EXTERN = NO;
				GCC_WARN_64_TO_32_BIT_CONVERSION = YES;
				GCC_WARN_ABOUT_RETURN_TYPE = YES_ERROR;
				GCC_WARN_UNDECLARED_SELECTOR = YES;
				GCC_WARN_UNINITIALIZED_AUTOS = YES_AGGRESSIVE;
				GCC_WARN_UNUSED_FUNCTION = YES;
				GCC_WARN_UNUSED_VARIABLE = YES;
				IPHONEOS_DEPLOYMENT_TARGET = 7.0;
				ONLY_ACTIVE_ARCH = YES;
				SDKROOT = iphoneos;
			};
			name = Debug;
		};
		AE02C9101942784500AC16AE /* Release */ = {
			isa = XCBuildConfiguration;
			buildSettings = {
				ALWAYS_SEARCH_USER_PATHS = NO;
				CLANG_CXX_LANGUAGE_STANDARD = "gnu++0x";
				CLANG_CXX_LIBRARY = "libc++";
				CLANG_ENABLE_MODULES = YES;
				CLANG_ENABLE_OBJC_ARC = YES;
				CLANG_WARN_BOOL_CONVERSION = YES;
				CLANG_WARN_CONSTANT_CONVERSION = YES;
				CLANG_WARN_DIRECT_OBJC_ISA_USAGE = YES_ERROR;
				CLANG_WARN_EMPTY_BODY = YES;
				CLANG_WARN_ENUM_CONVERSION = YES;
				CLANG_WARN_INT_CONVERSION = YES;
				CLANG_WARN_OBJC_ROOT_CLASS = YES_ERROR;
				CLANG_WARN__DUPLICATE_METHOD_MATCH = YES;
				"CODE_SIGN_IDENTITY[sdk=iphoneos*]" = "iPhone Developer";
				COPY_PHASE_STRIP = YES;
				ENABLE_NS_ASSERTIONS = NO;
				GCC_C_LANGUAGE_STANDARD = gnu99;
				GCC_WARN_64_TO_32_BIT_CONVERSION = YES;
				GCC_WARN_ABOUT_RETURN_TYPE = YES_ERROR;
				GCC_WARN_UNDECLARED_SELECTOR = YES;
				GCC_WARN_UNINITIALIZED_AUTOS = YES_AGGRESSIVE;
				GCC_WARN_UNUSED_FUNCTION = YES;
				GCC_WARN_UNUSED_VARIABLE = YES;
				IPHONEOS_DEPLOYMENT_TARGET = 7.0;
				SDKROOT = iphoneos;
				VALIDATE_PRODUCT = YES;
			};
			name = Release;
		};
		AE02C9121942784500AC16AE /* Debug */ = {
			isa = XCBuildConfiguration;
			buildSettings = {
				ASSETCATALOG_COMPILER_APPICON_NAME = AppIcon;
				ASSETCATALOG_COMPILER_LAUNCHIMAGE_NAME = LaunchImage;
				CODE_SIGN_IDENTITY = "iPhone Developer";
				"CODE_SIGN_IDENTITY[sdk=iphoneos*]" = "iPhone Developer";
				FRAMEWORK_SEARCH_PATHS = (
					"$(inherited)",
					/Users/liuzhe/Developer/PJ2,
					/Users/liuzhe/Developer/TuCao,
				);
				GCC_PRECOMPILE_PREFIX_HEADER = YES;
				GCC_PREFIX_HEADER = "吐槽百科/PeerChina-Prefix.pch";
				INFOPLIST_FILE = "吐槽百科/PeerChina-Info.plist";
				IPHONEOS_DEPLOYMENT_TARGET = 7.0;
				PRODUCT_NAME = PeerChina;
				PROVISIONING_PROFILE = "";
				WRAPPER_EXTENSION = app;
			};
			name = Debug;
		};
		AE02C9131942784500AC16AE /* Release */ = {
			isa = XCBuildConfiguration;
			buildSettings = {
				ASSETCATALOG_COMPILER_APPICON_NAME = AppIcon;
				ASSETCATALOG_COMPILER_LAUNCHIMAGE_NAME = LaunchImage;
				CODE_SIGN_IDENTITY = "iPhone Developer";
				"CODE_SIGN_IDENTITY[sdk=iphoneos*]" = "iPhone Developer";
				FRAMEWORK_SEARCH_PATHS = (
					"$(inherited)",
					/Users/liuzhe/Developer/PJ2,
					/Users/liuzhe/Developer/TuCao,
				);
				GCC_PRECOMPILE_PREFIX_HEADER = YES;
				GCC_PREFIX_HEADER = "吐槽百科/PeerChina-Prefix.pch";
				INFOPLIST_FILE = "吐槽百科/PeerChina-Info.plist";
				IPHONEOS_DEPLOYMENT_TARGET = 7.0;
				PRODUCT_NAME = PeerChina;
				PROVISIONING_PROFILE = "";
				WRAPPER_EXTENSION = app;
			};
			name = Release;
		};
		AE02C9151942784500AC16AE /* Debug */ = {
			isa = XCBuildConfiguration;
			buildSettings = {
				BUNDLE_LOADER = "$(BUILT_PRODUCTS_DIR)/吐槽百科.app/吐槽百科";
				FRAMEWORK_SEARCH_PATHS = (
					"$(SDKROOT)/Developer/Library/Frameworks",
					"$(inherited)",
					"$(DEVELOPER_FRAMEWORKS_DIR)",
				);
				GCC_PRECOMPILE_PREFIX_HEADER = YES;
				GCC_PREFIX_HEADER = "吐槽百科/吐槽百科-Prefix.pch";
				GCC_PREPROCESSOR_DEFINITIONS = (
					"DEBUG=1",
					"$(inherited)",
				);
				INFOPLIST_FILE = "吐槽百科Tests/PeerChinaTests-Info.plist";
				PRODUCT_NAME = PeerChinaTests;
				TEST_HOST = "$(BUNDLE_LOADER)";
				WRAPPER_EXTENSION = xctest;
			};
			name = Debug;
		};
		AE02C9161942784500AC16AE /* Release */ = {
			isa = XCBuildConfiguration;
			buildSettings = {
				BUNDLE_LOADER = "$(BUILT_PRODUCTS_DIR)/吐槽百科.app/吐槽百科";
				FRAMEWORK_SEARCH_PATHS = (
					"$(SDKROOT)/Developer/Library/Frameworks",
					"$(inherited)",
					"$(DEVELOPER_FRAMEWORKS_DIR)",
				);
				GCC_PRECOMPILE_PREFIX_HEADER = YES;
				GCC_PREFIX_HEADER = "吐槽百科/吐槽百科-Prefix.pch";
				INFOPLIST_FILE = "吐槽百科Tests/PeerChinaTests-Info.plist";
				PRODUCT_NAME = PeerChinaTests;
				TEST_HOST = "$(BUNDLE_LOADER)";
				WRAPPER_EXTENSION = xctest;
			};
			name = Release;
		};
/* End XCBuildConfiguration section */

/* Begin XCConfigurationList section */
		AE02C8DA1942784500AC16AE /* Build configuration list for PBXProject "PeerChina" */ = {
			isa = XCConfigurationList;
			buildConfigurations = (
				AE02C90F1942784500AC16AE /* Debug */,
				AE02C9101942784500AC16AE /* Release */,
			);
			defaultConfigurationIsVisible = 0;
			defaultConfigurationName = Release;
		};
		AE02C9111942784500AC16AE /* Build configuration list for PBXNativeTarget "PeerChina" */ = {
			isa = XCConfigurationList;
			buildConfigurations = (
				AE02C9121942784500AC16AE /* Debug */,
				AE02C9131942784500AC16AE /* Release */,
			);
			defaultConfigurationIsVisible = 0;
			defaultConfigurationName = Release;
		};
		AE02C9141942784500AC16AE /* Build configuration list for PBXNativeTarget "PeerChinaTests" */ = {
			isa = XCConfigurationList;
			buildConfigurations = (
				AE02C9151942784500AC16AE /* Debug */,
				AE02C9161942784500AC16AE /* Release */,
			);
			defaultConfigurationIsVisible = 0;
			defaultConfigurationName = Release;
		};
/* End XCConfigurationList section */
	};
	rootObject = AE02C8D71942784500AC16AE /* Project object */;
}
